{
  "name": "aether-ui",
  "version": "0.0.0",
  "lockfileVersion": 1,
  "requires": true,
  "dependencies": {
    "avsc": {
      "version": "5.2.3",
      "resolved": "https://registry.npmjs.org/avsc/-/avsc-5.2.3.tgz",
      "integrity": "sha512-1qoCOb6Q5q/QmMxmQu5OvKZnv3IELvoz3+rLAhfdslb3JnmtzW3hhLdLJNvpENqCgHzz9tCsdyHMk27m/7wREQ=="
    }
  }
}
