{
    "version": 3,
    "terraform_version": "0.9.1",
    "serial": 0,
    "lineage": "b2931bae-53c9-4189-bc66-aced0bf1e987",
    "modules": [
        {
            "path": [
                "root"
            ],
            "outputs": {},
            "resources": {},
            "depends_on": []
        },
        {
            "path": [
                "root",
                "locking"
            ],
            "outputs": {},
            "resources": {
                "aws_dynamodb_table.terraform-lock": {
                    "type": "aws_dynamodb_table",
                    "depends_on": [],
                    "primary": {
                        "id": "gather2-dev-terraform-lock",
                        "attributes": {
                            "arn": "arn:aws:dynamodb:eu-west-1:387526361725:table/gather2-dev-terraform-lock",
                            "attribute.#": "1",
                            "attribute.2068930648.name": "LockID",
                            "attribute.2068930648.type": "S",
                            "global_secondary_index.#": "0",
                            "hash_key": "LockID",
                            "id": "gather2-dev-terraform-lock",
                            "local_secondary_index.#": "0",
                            "name": "gather2-dev-terraform-lock",
                            "read_capacity": "20",
                            "write_capacity": "20"
                        },
                        "meta": {},
                        "tainted": false
                    },
                    "deposed": [],
                    "provider": ""
                }
            },
            "depends_on": []
        }
    ]
}
