{
    "version": 3,
    "terraform_version": "0.10.7",
    "serial": 1,
    "lineage": "06d69a46-5819-41c0-bcb1-3856814e5a2d",
    "modules": [
        {
            "path": [
                "root"
            ],
            "outputs": {},
            "resources": {},
            "depends_on": []
        },
        {
            "path": [
                "root",
                "backend"
            ],
            "outputs": {},
            "resources": {
                "aws_dynamodb_table.terraform-lock": {
                    "type": "aws_dynamodb_table",
                    "depends_on": [],
                    "primary": {
                        "id": "aether-dev-terraform-lock",
                        "attributes": {
                            "arn": "arn:aws:dynamodb:eu-west-1:387526361725:table/aether-dev-terraform-lock",
                            "attribute.#": "1",
                            "attribute.2068930648.name": "LockID",
                            "attribute.2068930648.type": "S",
                            "global_secondary_index.#": "0",
                            "hash_key": "LockID",
                            "id": "aether-dev-terraform-lock",
                            "local_secondary_index.#": "0",
                            "name": "aether-dev-terraform-lock",
                            "read_capacity": "20",
                            "write_capacity": "20"
                        },
                        "meta": {
                            "schema_version": "1"
                        },
                        "tainted": false
                    },
                    "deposed": [],
                    "provider": ""
                }
            },
            "depends_on": []
        }
    ]
}
