{
    "version": 3,
    "terraform_version": "0.9.4",
    "serial": 0,
    "lineage": "690e95a7-6c52-4564-8dd6-d5c27de3518b",
    "modules": [
        {
            "path": [
                "root"
            ],
            "outputs": {},
            "resources": {},
            "depends_on": []
        },
        {
            "path": [
                "root",
                "backend"
            ],
            "outputs": {},
            "resources": {
                "aws_dynamodb_table.terraform-lock": {
                    "type": "aws_dynamodb_table",
                    "depends_on": [],
                    "primary": {
                        "id": "aether-lake-chad-basin-prod-terraform-lock",
                        "attributes": {
                            "arn": "arn:aws:dynamodb:eu-west-1:387526361725:table/aether-lake-chad-basin-prod-terraform-lock",
                            "attribute.#": "1",
                            "attribute.2068930648.name": "LockID",
                            "attribute.2068930648.type": "S",
                            "global_secondary_index.#": "0",
                            "hash_key": "LockID",
                            "id": "aether-lake-chad-basin-prod-terraform-lock",
                            "local_secondary_index.#": "0",
                            "name": "aether-lake-chad-basin-prod-terraform-lock",
                            "read_capacity": "20",
                            "write_capacity": "20"
                        },
                        "meta": {
                            "schema_version": "1"
                        },
                        "tainted": false
                    },
                    "deposed": [],
                    "provider": ""
                }
            },
            "depends_on": []
        }
    ]
}
