{
    "version": 3,
    "terraform_version": "0.9.4",
    "serial": 83,
    "lineage": "e881a445-7dd9-48e2-ae63-9151d8015ebf",
    "modules": [
        {
            "path": [
                "root"
            ],
            "outputs": {},
            "resources": {},
            "depends_on": []
        },
        {
            "path": [
                "root",
                "autoscaling"
            ],
            "outputs": {
                "aws_iam_instance_profile": {
                    "sensitive": false,
                    "type": "string",
                    "value": "terraform-0065386e55077374ff78127d2a"
                },
                "aws_iam_role_ecs_service": {
                    "sensitive": false,
                    "type": "string",
                    "value": "gather2_dev002b22d80dbf579902286fe469"
                },
                "internal_sg_id": {
                    "sensitive": false,
                    "type": "string",
                    "value": "sg-0bff5d72"
                }
            },
            "resources": {
                "aws_autoscaling_group.asg": {
                    "type": "aws_autoscaling_group",
                    "depends_on": [
                        "aws_launch_configuration.lc"
                    ],
                    "primary": {
                        "id": "gather2-dev",
                        "attributes": {
                            "arn": "arn:aws:autoscaling:eu-west-1:387526361725:autoScalingGroup:76ec02e5-2bc9-45b7-aca6-ade838d814d9:autoScalingGroupName/gather2-dev",
                            "availability_zones.#": "3",
                            "availability_zones.1924028850": "eu-west-1b",
                            "availability_zones.3953592328": "eu-west-1a",
                            "availability_zones.94988580": "eu-west-1c",
                            "default_cooldown": "300",
                            "desired_capacity": "1",
                            "force_delete": "false",
                            "health_check_grace_period": "120",
                            "health_check_type": "EC2",
                            "id": "gather2-dev",
                            "launch_configuration": "gather2-dev-0065386e55077374ff78127d2b",
                            "load_balancers.#": "0",
                            "max_size": "2",
                            "metrics_granularity": "1Minute",
                            "min_size": "1",
                            "name": "gather2-dev",
                            "placement_group": "",
                            "protect_from_scale_in": "false",
                            "suspended_processes.#": "0",
                            "tag.#": "2",
                            "tag.3194965087.key": "Name",
                            "tag.3194965087.propagate_at_launch": "true",
                            "tag.3194965087.value": "gather2-dev",
                            "tag.4264471784.key": "BILLING_PROJECT",
                            "tag.4264471784.propagate_at_launch": "true",
                            "tag.4264471784.value": "gather2",
                            "target_group_arns.#": "3",
                            "target_group_arns.1254806932": "arn:aws:elasticloadbalancing:eu-west-1:387526361725:targetgroup/gather2-core-dev/7b862b363a8c6722",
                            "target_group_arns.3347073680": "arn:aws:elasticloadbalancing:eu-west-1:387526361725:targetgroup/gather2-odk-dev/f90000d99278d200",
                            "target_group_arns.366475999": "arn:aws:elasticloadbalancing:eu-west-1:387526361725:targetgroup/gather2-couchdb-sync-dev/2e60659b719b0b3d",
                            "termination_policies.#": "1",
                            "termination_policies.0": "OldestInstance",
                            "vpc_zone_identifier.#": "3",
                            "vpc_zone_identifier.192277597": "subnet-ced29096",
                            "vpc_zone_identifier.2647627680": "subnet-ca1011ae",
                            "vpc_zone_identifier.3467277304": "subnet-5ca0a42a",
                            "wait_for_capacity_timeout": "10m",
                            "wait_for_elb_capacity": "1"
                        },
                        "meta": {},
                        "tainted": false
                    },
                    "deposed": [],
                    "provider": ""
                },
                "aws_iam_instance_profile.app": {
                    "type": "aws_iam_instance_profile",
                    "depends_on": [],
                    "primary": {
                        "id": "terraform-0065386e55077374ff78127d2a",
                        "attributes": {
                            "arn": "arn:aws:iam::387526361725:instance-profile/terraform-0065386e55077374ff78127d2a",
                            "id": "terraform-0065386e55077374ff78127d2a",
                            "name": "terraform-0065386e55077374ff78127d2a",
                            "path": "/",
                            "role": "terraform-0065386e55077374ff78127d28",
                            "roles.#": "1",
                            "roles.4159731968": "terraform-0065386e55077374ff78127d28",
                            "unique_id": "AIPAIJ32GSRQ2WAO3DX5O"
                        },
                        "meta": {},
                        "tainted": false
                    },
                    "deposed": [],
                    "provider": ""
                },
                "aws_iam_policy.ecr_read_only_policy": {
                    "type": "aws_iam_policy",
                    "depends_on": [
                        "data.template_file.ecr_read_only_policy"
                    ],
                    "primary": {
                        "id": "arn:aws:iam::387526361725:policy/ecr_read_only_policy002b22d80dbf579902286fe468",
                        "attributes": {
                            "arn": "arn:aws:iam::387526361725:policy/ecr_read_only_policy002b22d80dbf579902286fe468",
                            "id": "arn:aws:iam::387526361725:policy/ecr_read_only_policy002b22d80dbf579902286fe468",
                            "name": "ecr_read_only_policy002b22d80dbf579902286fe468",
                            "name_prefix": "ecr_read_only_policy",
                            "path": "/",
                            "policy": "{\n  \"Version\": \"2012-10-17\",\n  \"Statement\": [{\n    \"Effect\": \"Allow\",\n    \"Action\": [\n      \"ecr:GetAuthorizationToken\",\n      \"ecr:BatchCheckLayerAvailability\",\n      \"ecr:GetDownloadUrlForLayer\",\n      \"ecr:GetRepositoryPolicy\",\n      \"ecr:DescribeRepositories\",\n      \"ecr:ListImages\",\n      \"ecr:DescribeImages\",\n      \"ecr:BatchGetImage\"\n    ],\n    \"Resource\": \"*\"\n  }]\n}"
                        },
                        "meta": {},
                        "tainted": false
                    },
                    "deposed": [],
                    "provider": ""
                },
                "aws_iam_policy_attachment.attach": {
                    "type": "aws_iam_policy_attachment",
                    "depends_on": [
                        "aws_iam_policy.ecr_read_only_policy",
                        "aws_iam_role.app_instance"
                    ],
                    "primary": {
                        "id": "ecr_read_only_policy",
                        "attributes": {
                            "groups.#": "0",
                            "id": "ecr_read_only_policy",
                            "name": "ecr_read_only_policy",
                            "policy_arn": "arn:aws:iam::387526361725:policy/ecr_read_only_policy002b22d80dbf579902286fe468",
                            "roles.#": "1",
                            "roles.4159731968": "terraform-0065386e55077374ff78127d28",
                            "users.#": "0"
                        },
                        "meta": {},
                        "tainted": false
                    },
                    "deposed": [],
                    "provider": ""
                },
                "aws_iam_role.app_instance": {
                    "type": "aws_iam_role",
                    "depends_on": [],
                    "primary": {
                        "id": "terraform-0065386e55077374ff78127d28",
                        "attributes": {
                            "arn": "arn:aws:iam::387526361725:role/terraform-0065386e55077374ff78127d28",
                            "assume_role_policy": "{\"Version\":\"2012-10-17\",\"Statement\":[{\"Sid\":\"\",\"Effect\":\"Allow\",\"Principal\":{\"Service\":\"ec2.amazonaws.com\"},\"Action\":\"sts:AssumeRole\"}]}",
                            "create_date": "2017-05-12T12:20:33Z",
                            "id": "terraform-0065386e55077374ff78127d28",
                            "name": "terraform-0065386e55077374ff78127d28",
                            "path": "/",
                            "unique_id": "AROAIFD5C7S3MBZZKLRR2"
                        },
                        "meta": {},
                        "tainted": false
                    },
                    "deposed": [],
                    "provider": ""
                },
                "aws_iam_role.ecs_service": {
                    "type": "aws_iam_role",
                    "depends_on": [
                        "data.template_file.ecs_assume_role_policy"
                    ],
                    "primary": {
                        "id": "gather2_dev002b22d80dbf579902286fe469",
                        "attributes": {
                            "arn": "arn:aws:iam::387526361725:role/gather2_dev002b22d80dbf579902286fe469",
                            "assume_role_policy": "{\"Version\":\"2008-10-17\",\"Statement\":[{\"Sid\":\"\",\"Effect\":\"Allow\",\"Principal\":{\"Service\":\"ecs.amazonaws.com\"},\"Action\":\"sts:AssumeRole\"}]}",
                            "create_date": "2017-04-06T15:46:14Z",
                            "id": "gather2_dev002b22d80dbf579902286fe469",
                            "name": "gather2_dev002b22d80dbf579902286fe469",
                            "name_prefix": "gather2_dev",
                            "path": "/",
                            "unique_id": "AROAIBJ2WJS26FCJF7YOM"
                        },
                        "meta": {},
                        "tainted": false
                    },
                    "deposed": [],
                    "provider": ""
                },
                "aws_iam_role_policy.ecs_service": {
                    "type": "aws_iam_role_policy",
                    "depends_on": [
                        "aws_iam_role.ecs_service",
                        "data.template_file.ecs_service"
                    ],
                    "primary": {
                        "id": "gather2_dev002b22d80dbf579902286fe469:tf_ecs_policy002b22d80dbf579902286fe46b",
                        "attributes": {
                            "id": "gather2_dev002b22d80dbf579902286fe469:tf_ecs_policy002b22d80dbf579902286fe46b",
                            "name": "tf_ecs_policy002b22d80dbf579902286fe46b",
                            "name_prefix": "tf_ecs_policy",
                            "policy": "{\n  \"Version\": \"2012-10-17\",\n  \"Statement\": [\n    {\n      \"Effect\": \"Allow\",\n      \"Action\": [\n        \"ec2:Describe*\",\n        \"elasticloadbalancing:DeregisterInstancesFromLoadBalancer\",\n        \"elasticloadbalancing:DeregisterTargets\",\n        \"elasticloadbalancing:Describe*\",\n        \"elasticloadbalancing:RegisterInstancesWithLoadBalancer\",\n        \"elasticloadbalancing:RegisterTargets\"\n      ],\n      \"Resource\": \"*\"\n    }\n  ]\n}",
                            "role": "gather2_dev002b22d80dbf579902286fe469"
                        },
                        "meta": {},
                        "tainted": false
                    },
                    "deposed": [],
                    "provider": ""
                },
                "aws_iam_role_policy.instance": {
                    "type": "aws_iam_role_policy",
                    "depends_on": [
                        "aws_iam_role.app_instance",
                        "data.template_file.instance_profile"
                    ],
                    "primary": {
                        "id": "terraform-0065386e55077374ff78127d28:EcsInstanceRolegather2dev0065386e55077374ff78127d29",
                        "attributes": {
                            "id": "terraform-0065386e55077374ff78127d28:EcsInstanceRolegather2dev0065386e55077374ff78127d29",
                            "name": "EcsInstanceRolegather2dev0065386e55077374ff78127d29",
                            "name_prefix": "EcsInstanceRolegather2dev",
                            "policy": "{\n  \"Version\": \"2012-10-17\",\n  \"Statement\": [\n    {\n      \"Sid\": \"ecsInstanceRole\",\n      \"Effect\": \"Allow\",\n      \"Action\": [\n        \"ecs:DeregisterContainerInstance\",\n        \"ecs:DiscoverPollEndpoint\",\n        \"ecs:Poll\",\n        \"ecs:RegisterContainerInstance\",\n        \"ecs:Submit*\"\n      ],\n      \"Resource\": [\n        \"*\"\n      ]\n    }\n  ]\n}\n",
                            "role": "terraform-0065386e55077374ff78127d28"
                        },
                        "meta": {},
                        "tainted": false
                    },
                    "deposed": [],
                    "provider": ""
                },
                "aws_launch_configuration.lc": {
                    "type": "aws_launch_configuration",
                    "depends_on": [],
                    "primary": {
                        "id": "gather2-dev-0065386e55077374ff78127d2b",
                        "attributes": {
                            "associate_public_ip_address": "false",
                            "ebs_block_device.#": "0",
                            "ebs_optimized": "false",
                            "enable_monitoring": "true",
                            "ephemeral_block_device.#": "0",
                            "iam_instance_profile": "terraform-0065386e55077374ff78127d2a",
                            "id": "gather2-dev-0065386e55077374ff78127d2b",
                            "image_id": "ami-f6a49b90",
                            "instance_type": "t2.medium",
                            "key_name": "ehealth-dev",
                            "name": "gather2-dev-0065386e55077374ff78127d2b",
                            "name_prefix": "gather2-dev-",
                            "root_block_device.#": "1",
                            "root_block_device.0.delete_on_termination": "true",
                            "root_block_device.0.iops": "0",
                            "root_block_device.0.volume_size": "10",
                            "root_block_device.0.volume_type": "",
                            "security_groups.#": "1",
                            "security_groups.3439461667": "sg-0bff5d72",
                            "spot_price": "",
                            "user_data": "a01964b649a0fb920cd874b98a8159b662e5a05e",
                            "vpc_classic_link_id": "",
                            "vpc_classic_link_security_groups.#": "0"
                        },
                        "meta": {},
                        "tainted": false
                    },
                    "deposed": [],
                    "provider": ""
                },
                "aws_security_group.internal": {
                    "type": "aws_security_group",
                    "depends_on": [],
                    "primary": {
                        "id": "sg-0bff5d72",
                        "attributes": {
                            "description": "gather2 internal SG",
                            "egress.#": "1",
                            "egress.482069346.cidr_blocks.#": "1",
                            "egress.482069346.cidr_blocks.0": "0.0.0.0/0",
                            "egress.482069346.from_port": "0",
                            "egress.482069346.ipv6_cidr_blocks.#": "0",
                            "egress.482069346.prefix_list_ids.#": "0",
                            "egress.482069346.protocol": "-1",
                            "egress.482069346.security_groups.#": "0",
                            "egress.482069346.self": "false",
                            "egress.482069346.to_port": "0",
                            "id": "sg-0bff5d72",
                            "ingress.#": "4",
                            "ingress.226650323.cidr_blocks.#": "0",
                            "ingress.226650323.from_port": "22",
                            "ingress.226650323.ipv6_cidr_blocks.#": "0",
                            "ingress.226650323.protocol": "tcp",
                            "ingress.226650323.security_groups.#": "1",
                            "ingress.226650323.security_groups.3151586683": "sg-1241916b",
                            "ingress.226650323.self": "false",
                            "ingress.226650323.to_port": "22",
                            "ingress.2342041222.cidr_blocks.#": "0",
                            "ingress.2342041222.from_port": "20000",
                            "ingress.2342041222.ipv6_cidr_blocks.#": "0",
                            "ingress.2342041222.protocol": "tcp",
                            "ingress.2342041222.security_groups.#": "1",
                            "ingress.2342041222.security_groups.611673828": "sg-f7fd5f8e",
                            "ingress.2342041222.self": "false",
                            "ingress.2342041222.to_port": "50000",
                            "ingress.3860743644.cidr_blocks.#": "0",
                            "ingress.3860743644.from_port": "10000",
                            "ingress.3860743644.ipv6_cidr_blocks.#": "0",
                            "ingress.3860743644.protocol": "tcp",
                            "ingress.3860743644.security_groups.#": "1",
                            "ingress.3860743644.security_groups.611673828": "sg-f7fd5f8e",
                            "ingress.3860743644.self": "false",
                            "ingress.3860743644.to_port": "50000",
                            "ingress.3872350635.cidr_blocks.#": "0",
                            "ingress.3872350635.from_port": "5432",
                            "ingress.3872350635.ipv6_cidr_blocks.#": "0",
                            "ingress.3872350635.protocol": "tcp",
                            "ingress.3872350635.security_groups.#": "0",
                            "ingress.3872350635.self": "true",
                            "ingress.3872350635.to_port": "5432",
                            "name": "gather2-internal-sg",
                            "owner_id": "387526361725",
                            "tags.%": "0",
                            "vpc_id": "vpc-021b2966"
                        },
                        "meta": {},
                        "tainted": false
                    },
                    "deposed": [],
                    "provider": ""
                },
                "aws_security_group_rule.allow_all_out_from_ecs": {
                    "type": "aws_security_group_rule",
                    "depends_on": [
                        "aws_security_group.internal"
                    ],
                    "primary": {
                        "id": "sgrule-768516340",
                        "attributes": {
                            "cidr_blocks.#": "1",
                            "cidr_blocks.0": "0.0.0.0/0",
                            "from_port": "0",
                            "id": "sgrule-768516340",
                            "ipv6_cidr_blocks.#": "0",
                            "prefix_list_ids.#": "0",
                            "protocol": "-1",
                            "security_group_id": "sg-0bff5d72",
                            "self": "false",
                            "to_port": "0",
                            "type": "egress"
                        },
                        "meta": {
                            "schema_version": "2"
                        },
                        "tainted": false
                    },
                    "deposed": [],
                    "provider": ""
                },
                "data.aws_ami.stable_coreos": {
                    "type": "aws_ami",
                    "depends_on": [],
                    "primary": {
                        "id": "ami-f6a49b90",
                        "attributes": {
                            "architecture": "x86_64",
                            "block_device_mappings.#": "2",
                            "block_device_mappings.3607311014.device_name": "/dev/xvda",
                            "block_device_mappings.3607311014.ebs.%": "6",
                            "block_device_mappings.3607311014.ebs.delete_on_termination": "true",
                            "block_device_mappings.3607311014.ebs.encrypted": "false",
                            "block_device_mappings.3607311014.ebs.iops": "0",
                            "block_device_mappings.3607311014.ebs.snapshot_id": "snap-0e9657a8a33b503d6",
                            "block_device_mappings.3607311014.ebs.volume_size": "8",
                            "block_device_mappings.3607311014.ebs.volume_type": "standard",
                            "block_device_mappings.3607311014.no_device": "",
                            "block_device_mappings.3607311014.virtual_name": "",
                            "block_device_mappings.3754555969.device_name": "/dev/xvdb",
                            "block_device_mappings.3754555969.ebs.%": "0",
                            "block_device_mappings.3754555969.no_device": "",
                            "block_device_mappings.3754555969.virtual_name": "ephemeral0",
                            "creation_date": "2017-03-31T22:49:01.000Z",
                            "description": "CoreOS stable 1298.7.0 (HVM)",
                            "filter.#": "3",
                            "filter.2264250859.name": "description",
                            "filter.2264250859.values.#": "1",
                            "filter.2264250859.values.0": "CoreOS stable *",
                            "filter.3386043752.name": "architecture",
                            "filter.3386043752.values.#": "1",
                            "filter.3386043752.values.0": "x86_64",
                            "filter.490168357.name": "virtualization-type",
                            "filter.490168357.values.#": "1",
                            "filter.490168357.values.0": "hvm",
                            "hypervisor": "xen",
                            "id": "ami-f6a49b90",
                            "image_id": "ami-f6a49b90",
                            "image_location": "595879546273/CoreOS-stable-1298.7.0-hvm",
                            "image_type": "machine",
                            "most_recent": "true",
                            "name": "CoreOS-stable-1298.7.0-hvm",
                            "owner_id": "595879546273",
                            "owners.#": "1",
                            "owners.0": "595879546273",
                            "product_codes.#": "0",
                            "public": "true",
                            "root_device_name": "/dev/xvda",
                            "root_device_type": "ebs",
                            "sriov_net_support": "simple",
                            "state": "available",
                            "state_reason.%": "2",
                            "state_reason.code": "UNSET",
                            "state_reason.message": "UNSET",
                            "tags.#": "0",
                            "virtualization_type": "hvm"
                        },
                        "meta": {},
                        "tainted": false
                    },
                    "deposed": [],
                    "provider": ""
                },
                "data.template_file.cloud_config": {
                    "type": "template_file",
                    "depends_on": [],
                    "primary": {
                        "id": "5e784529a050b337b7cc247feb713f750147ce260e2b4969887fea79ad51d067",
                        "attributes": {
                            "id": "5e784529a050b337b7cc247feb713f750147ce260e2b4969887fea79ad51d067",
                            "rendered": "#cloud-config\ncoreos:\n  units:\n   - name: amazon-ecs-agent.service\n     command: start\n     runtime: true\n     content: |\n       [Unit]\n       Description=AWS ECS Agent\n       Documentation=https://docs.aws.amazon.com/AmazonECS/latest/developerguide/\n       Requires=docker.socket\n       After=docker.socket\n\n       [Service]\n       Environment=ECS_CLUSTER=gather2-dev\n       Environment=ECS_LOGLEVEL=info\n       Environment=ECS_VERSION=latest\n       Environment=ECS_ENABLE_TASK_IAM_ROLE=true\n       Restart=on-failure\n       RestartSec=30\n       RestartPreventExitStatus=5\n       SyslogIdentifier=ecs-agent\n       ExecStartPre=-/bin/mkdir -p /var/log/ecs /var/ecs-data /etc/ecs\n       ExecStartPre=-/usr/bin/docker kill ecs-agent\n       ExecStartPre=-/usr/bin/docker rm ecs-agent\n       ExecStartPre=/usr/bin/docker pull amazon/amazon-ecs-agent:${ECS_VERSION}\n       ExecStart=/usr/bin/docker run --name ecs-agent \\\n                                     --volume=/var/run/docker.sock:/var/run/docker.sock \\\n                                     --volume=/var/log/ecs:/log \\\n                                     --volume=/var/ecs-data:/data \\\n                                     --volume=/sys/fs/cgroup:/sys/fs/cgroup:ro \\\n                                     --volume=/run/docker/execdriver/native:/var/lib/docker/execdriver/native:ro \\\n                                     --publish=127.0.0.1:51678:51678 \\\n                                     --env=ECS_LOGFILE=/log/ecs-agent.log \\\n                                     --env=ECS_LOGLEVEL=${ECS_LOGLEVEL} \\\n                                     --env=ECS_DATADIR=/data \\\n                                     --env=ECS_CLUSTER=${ECS_CLUSTER} \\\n                                     --env=ECS_AVAILABLE_LOGGING_DRIVERS='[\"awslogs\"]' \\\n                                     amazon/amazon-ecs-agent:${ECS_VERSION}\n",
                            "template": "#cloud-config\ncoreos:\n  units:\n   - name: amazon-ecs-agent.service\n     command: start\n     runtime: true\n     content: |\n       [Unit]\n       Description=AWS ECS Agent\n       Documentation=https://docs.aws.amazon.com/AmazonECS/latest/developerguide/\n       Requires=docker.socket\n       After=docker.socket\n\n       [Service]\n       Environment=ECS_CLUSTER=${ecs_cluster_name}\n       Environment=ECS_LOGLEVEL=${ecs_log_level}\n       Environment=ECS_VERSION=${ecs_agent_version}\n       Environment=ECS_ENABLE_TASK_IAM_ROLE=true\n       Restart=on-failure\n       RestartSec=30\n       RestartPreventExitStatus=5\n       SyslogIdentifier=ecs-agent\n       ExecStartPre=-/bin/mkdir -p /var/log/ecs /var/ecs-data /etc/ecs\n       ExecStartPre=-/usr/bin/docker kill ecs-agent\n       ExecStartPre=-/usr/bin/docker rm ecs-agent\n       ExecStartPre=/usr/bin/docker pull amazon/amazon-ecs-agent:$${ECS_VERSION}\n       ExecStart=/usr/bin/docker run --name ecs-agent \\\n                                     --volume=/var/run/docker.sock:/var/run/docker.sock \\\n                                     --volume=/var/log/ecs:/log \\\n                                     --volume=/var/ecs-data:/data \\\n                                     --volume=/sys/fs/cgroup:/sys/fs/cgroup:ro \\\n                                     --volume=/run/docker/execdriver/native:/var/lib/docker/execdriver/native:ro \\\n                                     --publish=127.0.0.1:51678:51678 \\\n                                     --env=ECS_LOGFILE=/log/ecs-agent.log \\\n                                     --env=ECS_LOGLEVEL=$${ECS_LOGLEVEL} \\\n                                     --env=ECS_DATADIR=/data \\\n                                     --env=ECS_CLUSTER=$${ECS_CLUSTER} \\\n                                     --env=ECS_AVAILABLE_LOGGING_DRIVERS='[\"awslogs\"]' \\\n                                     amazon/amazon-ecs-agent:$${ECS_VERSION}\n",
                            "vars.%": "5",
                            "vars.aws_region": "eu-west-1",
                            "vars.ecs_agent_version": "latest",
                            "vars.ecs_cluster_name": "gather2-dev",
                            "vars.ecs_log_group_name": "gather2-dev",
                            "vars.ecs_log_level": "info"
                        },
                        "meta": {},
                        "tainted": false
                    },
                    "deposed": [],
                    "provider": ""
                },
                "data.template_file.ec2_assume_policy": {
                    "type": "template_file",
                    "depends_on": [],
                    "primary": {
                        "id": "25be42115e11796b9a6b4a4fe980fabcdab4361abc211c12ee9bf453e566da4c",
                        "attributes": {
                            "id": "25be42115e11796b9a6b4a4fe980fabcdab4361abc211c12ee9bf453e566da4c",
                            "rendered": "{\n  \"Version\": \"2012-10-17\",\n  \"Statement\": [\n    {\n      \"Sid\": \"\",\n      \"Effect\": \"Allow\",\n      \"Principal\": {\n        \"Service\": \"ec2.amazonaws.com\"\n      },\n      \"Action\": \"sts:AssumeRole\"\n    }\n  ]\n}",
                            "template": "{\n  \"Version\": \"2012-10-17\",\n  \"Statement\": [\n    {\n      \"Sid\": \"\",\n      \"Effect\": \"Allow\",\n      \"Principal\": {\n        \"Service\": \"ec2.amazonaws.com\"\n      },\n      \"Action\": \"sts:AssumeRole\"\n    }\n  ]\n}"
                        },
                        "meta": {},
                        "tainted": false
                    },
                    "deposed": [],
                    "provider": ""
                },
                "data.template_file.ecr_read_only_policy": {
                    "type": "template_file",
                    "depends_on": [],
                    "primary": {
                        "id": "ab93815ceac6bc780a0d411480c47f0a22f4de82fcf03a012692974137cd327e",
                        "attributes": {
                            "id": "ab93815ceac6bc780a0d411480c47f0a22f4de82fcf03a012692974137cd327e",
                            "rendered": "{\n  \"Version\": \"2012-10-17\",\n  \"Statement\": [{\n    \"Effect\": \"Allow\",\n    \"Action\": [\n      \"ecr:GetAuthorizationToken\",\n      \"ecr:BatchCheckLayerAvailability\",\n      \"ecr:GetDownloadUrlForLayer\",\n      \"ecr:GetRepositoryPolicy\",\n      \"ecr:DescribeRepositories\",\n      \"ecr:ListImages\",\n      \"ecr:DescribeImages\",\n      \"ecr:BatchGetImage\"\n    ],\n    \"Resource\": \"*\"\n  }]\n}",
                            "template": "{\n  \"Version\": \"2012-10-17\",\n  \"Statement\": [{\n    \"Effect\": \"Allow\",\n    \"Action\": [\n      \"ecr:GetAuthorizationToken\",\n      \"ecr:BatchCheckLayerAvailability\",\n      \"ecr:GetDownloadUrlForLayer\",\n      \"ecr:GetRepositoryPolicy\",\n      \"ecr:DescribeRepositories\",\n      \"ecr:ListImages\",\n      \"ecr:DescribeImages\",\n      \"ecr:BatchGetImage\"\n    ],\n    \"Resource\": \"*\"\n  }]\n}"
                        },
                        "meta": {},
                        "tainted": false
                    },
                    "deposed": [],
                    "provider": ""
                },
                "data.template_file.ecs_assume_role_policy": {
                    "type": "template_file",
                    "depends_on": [],
                    "primary": {
                        "id": "29189133ed89ab1abcf32d21c15563d40238dd7ba46083c85932812c76427f6b",
                        "attributes": {
                            "id": "29189133ed89ab1abcf32d21c15563d40238dd7ba46083c85932812c76427f6b",
                            "rendered": "{\n  \"Version\": \"2008-10-17\",\n  \"Statement\": [\n    {\n      \"Sid\": \"\",\n      \"Effect\": \"Allow\",\n      \"Principal\": {\n        \"Service\": \"ecs.amazonaws.com\"\n      },\n      \"Action\": \"sts:AssumeRole\"\n    }\n  ]\n}",
                            "template": "{\n  \"Version\": \"2008-10-17\",\n  \"Statement\": [\n    {\n      \"Sid\": \"\",\n      \"Effect\": \"Allow\",\n      \"Principal\": {\n        \"Service\": \"ecs.amazonaws.com\"\n      },\n      \"Action\": \"sts:AssumeRole\"\n    }\n  ]\n}"
                        },
                        "meta": {},
                        "tainted": false
                    },
                    "deposed": [],
                    "provider": ""
                },
                "data.template_file.ecs_service": {
                    "type": "template_file",
                    "depends_on": [],
                    "primary": {
                        "id": "8a7eefed1c493aee8f3d716ae11f78a11204f0f573aff0f03ac69b24f9037db4",
                        "attributes": {
                            "id": "8a7eefed1c493aee8f3d716ae11f78a11204f0f573aff0f03ac69b24f9037db4",
                            "rendered": "{\n  \"Version\": \"2012-10-17\",\n  \"Statement\": [\n    {\n      \"Effect\": \"Allow\",\n      \"Action\": [\n        \"ec2:Describe*\",\n        \"elasticloadbalancing:DeregisterInstancesFromLoadBalancer\",\n        \"elasticloadbalancing:DeregisterTargets\",\n        \"elasticloadbalancing:Describe*\",\n        \"elasticloadbalancing:RegisterInstancesWithLoadBalancer\",\n        \"elasticloadbalancing:RegisterTargets\"\n      ],\n      \"Resource\": \"*\"\n    }\n  ]\n}",
                            "template": "{\n  \"Version\": \"2012-10-17\",\n  \"Statement\": [\n    {\n      \"Effect\": \"Allow\",\n      \"Action\": [\n        \"ec2:Describe*\",\n        \"elasticloadbalancing:DeregisterInstancesFromLoadBalancer\",\n        \"elasticloadbalancing:DeregisterTargets\",\n        \"elasticloadbalancing:Describe*\",\n        \"elasticloadbalancing:RegisterInstancesWithLoadBalancer\",\n        \"elasticloadbalancing:RegisterTargets\"\n      ],\n      \"Resource\": \"*\"\n    }\n  ]\n}"
                        },
                        "meta": {},
                        "tainted": false
                    },
                    "deposed": [],
                    "provider": ""
                },
                "data.template_file.instance_profile": {
                    "type": "template_file",
                    "depends_on": [],
                    "primary": {
                        "id": "b091ee2b5a5edde2e1e34667577637be4f800b98cc96091fc23519d6aec84c63",
                        "attributes": {
                            "id": "b091ee2b5a5edde2e1e34667577637be4f800b98cc96091fc23519d6aec84c63",
                            "rendered": "{\n  \"Version\": \"2012-10-17\",\n  \"Statement\": [\n    {\n      \"Sid\": \"ecsInstanceRole\",\n      \"Effect\": \"Allow\",\n      \"Action\": [\n        \"ecs:DeregisterContainerInstance\",\n        \"ecs:DiscoverPollEndpoint\",\n        \"ecs:Poll\",\n        \"ecs:RegisterContainerInstance\",\n        \"ecs:Submit*\"\n      ],\n      \"Resource\": [\n        \"*\"\n      ]\n    }\n  ]\n}\n",
                            "template": "{\n  \"Version\": \"2012-10-17\",\n  \"Statement\": [\n    {\n      \"Sid\": \"ecsInstanceRole\",\n      \"Effect\": \"Allow\",\n      \"Action\": [\n        \"ecs:DeregisterContainerInstance\",\n        \"ecs:DiscoverPollEndpoint\",\n        \"ecs:Poll\",\n        \"ecs:RegisterContainerInstance\",\n        \"ecs:Submit*\"\n      ],\n      \"Resource\": [\n        \"*\"\n      ]\n    }\n  ]\n}\n",
                            "vars.%": "3",
                            "vars.aws_region": "eu-west-1",
                            "vars.environment": "dev",
                            "vars.project": "gather2"
                        },
                        "meta": {},
                        "tainted": false
                    },
                    "deposed": [],
                    "provider": ""
                }
            },
            "depends_on": []
        },
        {
            "path": [
                "root",
                "deployment_config"
            ],
            "outputs": {
                "version": {
                    "sensitive": false,
                    "type": "map",
                    "value": {
                        "version": "eaf7358f6b61"
                    }
                }
            },
            "resources": {},
            "depends_on": []
        },
        {
            "path": [
                "root",
                "ecs"
            ],
            "outputs": {
                "core_target_group": {
                    "sensitive": false,
                    "type": "string",
                    "value": "arn:aws:elasticloadbalancing:eu-west-1:387526361725:targetgroup/gather2-core-dev/7b862b363a8c6722"
                },
                "couchdb_sync_target_group": {
                    "sensitive": false,
                    "type": "string",
                    "value": "arn:aws:elasticloadbalancing:eu-west-1:387526361725:targetgroup/gather2-couchdb-sync-dev/2e60659b719b0b3d"
                },
                "odk_importer_target_group": {
                    "sensitive": false,
                    "type": "string",
                    "value": "arn:aws:elasticloadbalancing:eu-west-1:387526361725:targetgroup/gather2-odk-dev/f90000d99278d200"
                }
            },
            "resources": {
                "aws_alb.gather2_core": {
                    "type": "aws_alb",
                    "depends_on": [
                        "aws_security_group.lb_sg"
                    ],
                    "primary": {
                        "id": "arn:aws:elasticloadbalancing:eu-west-1:387526361725:loadbalancer/app/tf-lb-00ba0f82d6c22621f12728b943/8a46d2d57fefd544",
                        "attributes": {
                            "access_logs.#": "0",
                            "arn": "arn:aws:elasticloadbalancing:eu-west-1:387526361725:loadbalancer/app/tf-lb-00ba0f82d6c22621f12728b943/8a46d2d57fefd544",
                            "arn_suffix": "app/tf-lb-00ba0f82d6c22621f12728b943/8a46d2d57fefd544",
                            "dns_name": "tf-lb-00ba0f82d6c22621f12728b943-588746672.eu-west-1.elb.amazonaws.com",
                            "enable_deletion_protection": "false",
                            "id": "arn:aws:elasticloadbalancing:eu-west-1:387526361725:loadbalancer/app/tf-lb-00ba0f82d6c22621f12728b943/8a46d2d57fefd544",
                            "idle_timeout": "60",
                            "internal": "false",
                            "ip_address_type": "ipv4",
                            "name": "tf-lb-00ba0f82d6c22621f12728b943",
                            "security_groups.#": "1",
                            "security_groups.611673828": "sg-f7fd5f8e",
                            "subnets.#": "3",
                            "subnets.4175986599": "subnet-51a0a427",
                            "subnets.4210163942": "subnet-c91011ad",
                            "subnets.873182803": "subnet-cdd29095",
                            "tags.%": "2",
                            "tags.key": "stack",
                            "tags.name": "gather2-dev",
                            "vpc_id": "vpc-021b2966",
                            "zone_id": "Z32O12XQLNTSW2"
                        },
                        "meta": {},
                        "tainted": false
                    },
                    "deposed": [],
                    "provider": ""
                },
                "aws_alb.gather2_couchdb_sync": {
                    "type": "aws_alb",
                    "depends_on": [
                        "aws_security_group.lb_sg"
                    ],
                    "primary": {
                        "id": "arn:aws:elasticloadbalancing:eu-west-1:387526361725:loadbalancer/app/tf-lb-00f1c34f94d459b0ecbd322977/f09573afabc177de",
                        "attributes": {
                            "access_logs.#": "0",
                            "arn": "arn:aws:elasticloadbalancing:eu-west-1:387526361725:loadbalancer/app/tf-lb-00f1c34f94d459b0ecbd322977/f09573afabc177de",
                            "arn_suffix": "app/tf-lb-00f1c34f94d459b0ecbd322977/f09573afabc177de",
                            "dns_name": "tf-lb-00f1c34f94d459b0ecbd322977-13994197.eu-west-1.elb.amazonaws.com",
                            "enable_deletion_protection": "false",
                            "id": "arn:aws:elasticloadbalancing:eu-west-1:387526361725:loadbalancer/app/tf-lb-00f1c34f94d459b0ecbd322977/f09573afabc177de",
                            "idle_timeout": "60",
                            "internal": "false",
                            "ip_address_type": "ipv4",
                            "name": "tf-lb-00f1c34f94d459b0ecbd322977",
                            "security_groups.#": "1",
                            "security_groups.611673828": "sg-f7fd5f8e",
                            "subnets.#": "3",
                            "subnets.4175986599": "subnet-51a0a427",
                            "subnets.4210163942": "subnet-c91011ad",
                            "subnets.873182803": "subnet-cdd29095",
                            "tags.%": "2",
                            "tags.key": "stack",
                            "tags.name": "gather2-couchdb-sync-dev",
                            "vpc_id": "vpc-021b2966",
                            "zone_id": "Z32O12XQLNTSW2"
                        },
                        "meta": {},
                        "tainted": false
                    },
                    "deposed": [],
                    "provider": ""
                },
                "aws_alb.gather2_odk_importer": {
                    "type": "aws_alb",
                    "depends_on": [
                        "aws_security_group.lb_sg"
                    ],
                    "primary": {
                        "id": "arn:aws:elasticloadbalancing:eu-west-1:387526361725:loadbalancer/app/tf-lb-00ba0f82d6c22621f12728b944/a5a6e4f7aa4d5229",
                        "attributes": {
                            "access_logs.#": "0",
                            "arn": "arn:aws:elasticloadbalancing:eu-west-1:387526361725:loadbalancer/app/tf-lb-00ba0f82d6c22621f12728b944/a5a6e4f7aa4d5229",
                            "arn_suffix": "app/tf-lb-00ba0f82d6c22621f12728b944/a5a6e4f7aa4d5229",
                            "dns_name": "tf-lb-00ba0f82d6c22621f12728b944-498372904.eu-west-1.elb.amazonaws.com",
                            "enable_deletion_protection": "false",
                            "id": "arn:aws:elasticloadbalancing:eu-west-1:387526361725:loadbalancer/app/tf-lb-00ba0f82d6c22621f12728b944/a5a6e4f7aa4d5229",
                            "idle_timeout": "60",
                            "internal": "false",
                            "ip_address_type": "ipv4",
                            "name": "tf-lb-00ba0f82d6c22621f12728b944",
                            "security_groups.#": "1",
                            "security_groups.611673828": "sg-f7fd5f8e",
                            "subnets.#": "3",
                            "subnets.4175986599": "subnet-51a0a427",
                            "subnets.4210163942": "subnet-c91011ad",
                            "subnets.873182803": "subnet-cdd29095",
                            "tags.%": "2",
                            "tags.key": "stack",
                            "tags.name": "gather2-dev",
                            "vpc_id": "vpc-021b2966",
                            "zone_id": "Z32O12XQLNTSW2"
                        },
                        "meta": {},
                        "tainted": false
                    },
                    "deposed": [],
                    "provider": ""
                },
                "aws_alb_listener.gather2_core_http": {
                    "type": "aws_alb_listener",
                    "depends_on": [
                        "aws_alb.gather2_core",
                        "aws_alb_target_group.gather2_core"
                    ],
                    "primary": {
                        "id": "arn:aws:elasticloadbalancing:eu-west-1:387526361725:listener/app/tf-lb-00ba0f82d6c22621f12728b943/8a46d2d57fefd544/dccd7d589b92199a",
                        "attributes": {
                            "arn": "arn:aws:elasticloadbalancing:eu-west-1:387526361725:listener/app/tf-lb-00ba0f82d6c22621f12728b943/8a46d2d57fefd544/dccd7d589b92199a",
                            "default_action.#": "1",
                            "default_action.0.target_group_arn": "arn:aws:elasticloadbalancing:eu-west-1:387526361725:targetgroup/gather2-core-dev/7b862b363a8c6722",
                            "default_action.0.type": "forward",
                            "id": "arn:aws:elasticloadbalancing:eu-west-1:387526361725:listener/app/tf-lb-00ba0f82d6c22621f12728b943/8a46d2d57fefd544/dccd7d589b92199a",
                            "load_balancer_arn": "arn:aws:elasticloadbalancing:eu-west-1:387526361725:loadbalancer/app/tf-lb-00ba0f82d6c22621f12728b943/8a46d2d57fefd544",
                            "port": "80",
                            "protocol": "HTTP",
                            "ssl_policy": ""
                        },
                        "meta": {},
                        "tainted": false
                    },
                    "deposed": [],
                    "provider": ""
                },
                "aws_alb_listener.gather2_core_https": {
                    "type": "aws_alb_listener",
                    "depends_on": [
                        "aws_alb.gather2_core",
                        "aws_alb_target_group.gather2_core"
                    ],
                    "primary": {
                        "id": "arn:aws:elasticloadbalancing:eu-west-1:387526361725:listener/app/tf-lb-00ba0f82d6c22621f12728b943/8a46d2d57fefd544/09fcf9ec1adbefb7",
                        "attributes": {
                            "arn": "arn:aws:elasticloadbalancing:eu-west-1:387526361725:listener/app/tf-lb-00ba0f82d6c22621f12728b943/8a46d2d57fefd544/09fcf9ec1adbefb7",
                            "certificate_arn": "arn:aws:acm:eu-west-1:387526361725:certificate/b093a099-e453-4290-90b4-8a97f43174ec",
                            "default_action.#": "1",
                            "default_action.0.target_group_arn": "arn:aws:elasticloadbalancing:eu-west-1:387526361725:targetgroup/gather2-core-dev/7b862b363a8c6722",
                            "default_action.0.type": "forward",
                            "id": "arn:aws:elasticloadbalancing:eu-west-1:387526361725:listener/app/tf-lb-00ba0f82d6c22621f12728b943/8a46d2d57fefd544/09fcf9ec1adbefb7",
                            "load_balancer_arn": "arn:aws:elasticloadbalancing:eu-west-1:387526361725:loadbalancer/app/tf-lb-00ba0f82d6c22621f12728b943/8a46d2d57fefd544",
                            "port": "443",
                            "protocol": "HTTPS",
                            "ssl_policy": "ELBSecurityPolicy-2015-05"
                        },
                        "meta": {},
                        "tainted": false
                    },
                    "deposed": [],
                    "provider": ""
                },
                "aws_alb_listener.gather2_couchdb_sync_http": {
                    "type": "aws_alb_listener",
                    "depends_on": [
                        "aws_alb.gather2_couchdb_sync",
                        "aws_alb_target_group.gather2_couchdb_sync"
                    ],
                    "primary": {
                        "id": "arn:aws:elasticloadbalancing:eu-west-1:387526361725:listener/app/tf-lb-00f1c34f94d459b0ecbd322977/f09573afabc177de/677f1d62917cf23f",
                        "attributes": {
                            "arn": "arn:aws:elasticloadbalancing:eu-west-1:387526361725:listener/app/tf-lb-00f1c34f94d459b0ecbd322977/f09573afabc177de/677f1d62917cf23f",
                            "default_action.#": "1",
                            "default_action.0.target_group_arn": "arn:aws:elasticloadbalancing:eu-west-1:387526361725:targetgroup/gather2-couchdb-sync-dev/2e60659b719b0b3d",
                            "default_action.0.type": "forward",
                            "id": "arn:aws:elasticloadbalancing:eu-west-1:387526361725:listener/app/tf-lb-00f1c34f94d459b0ecbd322977/f09573afabc177de/677f1d62917cf23f",
                            "load_balancer_arn": "arn:aws:elasticloadbalancing:eu-west-1:387526361725:loadbalancer/app/tf-lb-00f1c34f94d459b0ecbd322977/f09573afabc177de",
                            "port": "80",
                            "protocol": "HTTP",
                            "ssl_policy": ""
                        },
                        "meta": {},
                        "tainted": false
                    },
                    "deposed": [],
                    "provider": ""
                },
                "aws_alb_listener.gather2_couchdb_sync_https": {
                    "type": "aws_alb_listener",
                    "depends_on": [
                        "aws_alb.gather2_couchdb_sync",
                        "aws_alb_target_group.gather2_couchdb_sync"
                    ],
                    "primary": {
                        "id": "arn:aws:elasticloadbalancing:eu-west-1:387526361725:listener/app/tf-lb-00f1c34f94d459b0ecbd322977/f09573afabc177de/96e32049872389d1",
                        "attributes": {
                            "arn": "arn:aws:elasticloadbalancing:eu-west-1:387526361725:listener/app/tf-lb-00f1c34f94d459b0ecbd322977/f09573afabc177de/96e32049872389d1",
                            "certificate_arn": "arn:aws:acm:eu-west-1:387526361725:certificate/b093a099-e453-4290-90b4-8a97f43174ec",
                            "default_action.#": "1",
                            "default_action.0.target_group_arn": "arn:aws:elasticloadbalancing:eu-west-1:387526361725:targetgroup/gather2-couchdb-sync-dev/2e60659b719b0b3d",
                            "default_action.0.type": "forward",
                            "id": "arn:aws:elasticloadbalancing:eu-west-1:387526361725:listener/app/tf-lb-00f1c34f94d459b0ecbd322977/f09573afabc177de/96e32049872389d1",
                            "load_balancer_arn": "arn:aws:elasticloadbalancing:eu-west-1:387526361725:loadbalancer/app/tf-lb-00f1c34f94d459b0ecbd322977/f09573afabc177de",
                            "port": "443",
                            "protocol": "HTTPS",
                            "ssl_policy": "ELBSecurityPolicy-2015-05"
                        },
                        "meta": {},
                        "tainted": false
                    },
                    "deposed": [],
                    "provider": ""
                },
                "aws_alb_listener.gather2_odk_importer_http": {
                    "type": "aws_alb_listener",
                    "depends_on": [
                        "aws_alb.gather2_odk_importer",
                        "aws_alb_target_group.gather2_odk_importer"
                    ],
                    "primary": {
                        "id": "arn:aws:elasticloadbalancing:eu-west-1:387526361725:listener/app/tf-lb-00ba0f82d6c22621f12728b944/a5a6e4f7aa4d5229/a63c4378e9be54ce",
                        "attributes": {
                            "arn": "arn:aws:elasticloadbalancing:eu-west-1:387526361725:listener/app/tf-lb-00ba0f82d6c22621f12728b944/a5a6e4f7aa4d5229/a63c4378e9be54ce",
                            "default_action.#": "1",
                            "default_action.0.target_group_arn": "arn:aws:elasticloadbalancing:eu-west-1:387526361725:targetgroup/gather2-odk-dev/f90000d99278d200",
                            "default_action.0.type": "forward",
                            "id": "arn:aws:elasticloadbalancing:eu-west-1:387526361725:listener/app/tf-lb-00ba0f82d6c22621f12728b944/a5a6e4f7aa4d5229/a63c4378e9be54ce",
                            "load_balancer_arn": "arn:aws:elasticloadbalancing:eu-west-1:387526361725:loadbalancer/app/tf-lb-00ba0f82d6c22621f12728b944/a5a6e4f7aa4d5229",
                            "port": "80",
                            "protocol": "HTTP",
                            "ssl_policy": ""
                        },
                        "meta": {},
                        "tainted": false
                    },
                    "deposed": [],
                    "provider": ""
                },
                "aws_alb_listener.gather2_odk_importer_https": {
                    "type": "aws_alb_listener",
                    "depends_on": [
                        "aws_alb.gather2_odk_importer",
                        "aws_alb_target_group.gather2_odk_importer"
                    ],
                    "primary": {
                        "id": "arn:aws:elasticloadbalancing:eu-west-1:387526361725:listener/app/tf-lb-00ba0f82d6c22621f12728b944/a5a6e4f7aa4d5229/ddabfbe51e643916",
                        "attributes": {
                            "arn": "arn:aws:elasticloadbalancing:eu-west-1:387526361725:listener/app/tf-lb-00ba0f82d6c22621f12728b944/a5a6e4f7aa4d5229/ddabfbe51e643916",
                            "certificate_arn": "arn:aws:acm:eu-west-1:387526361725:certificate/b093a099-e453-4290-90b4-8a97f43174ec",
                            "default_action.#": "1",
                            "default_action.0.target_group_arn": "arn:aws:elasticloadbalancing:eu-west-1:387526361725:targetgroup/gather2-odk-dev/f90000d99278d200",
                            "default_action.0.type": "forward",
                            "id": "arn:aws:elasticloadbalancing:eu-west-1:387526361725:listener/app/tf-lb-00ba0f82d6c22621f12728b944/a5a6e4f7aa4d5229/ddabfbe51e643916",
                            "load_balancer_arn": "arn:aws:elasticloadbalancing:eu-west-1:387526361725:loadbalancer/app/tf-lb-00ba0f82d6c22621f12728b944/a5a6e4f7aa4d5229",
                            "port": "443",
                            "protocol": "HTTPS",
                            "ssl_policy": "ELBSecurityPolicy-2015-05"
                        },
                        "meta": {},
                        "tainted": false
                    },
                    "deposed": [],
                    "provider": ""
                },
                "aws_alb_target_group.gather2_core": {
                    "type": "aws_alb_target_group",
                    "depends_on": [],
                    "primary": {
                        "id": "arn:aws:elasticloadbalancing:eu-west-1:387526361725:targetgroup/gather2-core-dev/7b862b363a8c6722",
                        "attributes": {
                            "arn": "arn:aws:elasticloadbalancing:eu-west-1:387526361725:targetgroup/gather2-core-dev/7b862b363a8c6722",
                            "arn_suffix": "targetgroup/gather2-core-dev/7b862b363a8c6722",
                            "deregistration_delay": "300",
                            "health_check.#": "1",
                            "health_check.0.healthy_threshold": "5",
                            "health_check.0.interval": "30",
                            "health_check.0.matcher": "200",
                            "health_check.0.path": "/health",
                            "health_check.0.port": "traffic-port",
                            "health_check.0.protocol": "HTTP",
                            "health_check.0.timeout": "5",
                            "health_check.0.unhealthy_threshold": "2",
                            "id": "arn:aws:elasticloadbalancing:eu-west-1:387526361725:targetgroup/gather2-core-dev/7b862b363a8c6722",
                            "name": "gather2-core-dev",
                            "port": "80",
                            "protocol": "HTTP",
                            "stickiness.#": "1",
                            "stickiness.0.cookie_duration": "86400",
                            "stickiness.0.enabled": "false",
                            "stickiness.0.type": "lb_cookie",
                            "tags.%": "0",
                            "vpc_id": "vpc-021b2966"
                        },
                        "meta": {},
                        "tainted": false
                    },
                    "deposed": [],
                    "provider": ""
                },
                "aws_alb_target_group.gather2_couchdb_sync": {
                    "type": "aws_alb_target_group",
                    "depends_on": [],
                    "primary": {
                        "id": "arn:aws:elasticloadbalancing:eu-west-1:387526361725:targetgroup/gather2-couchdb-sync-dev/2e60659b719b0b3d",
                        "attributes": {
                            "arn": "arn:aws:elasticloadbalancing:eu-west-1:387526361725:targetgroup/gather2-couchdb-sync-dev/2e60659b719b0b3d",
                            "arn_suffix": "targetgroup/gather2-couchdb-sync-dev/2e60659b719b0b3d",
                            "deregistration_delay": "300",
                            "health_check.#": "1",
                            "health_check.0.healthy_threshold": "5",
                            "health_check.0.interval": "30",
                            "health_check.0.matcher": "200",
                            "health_check.0.path": "/health",
                            "health_check.0.port": "traffic-port",
                            "health_check.0.protocol": "HTTP",
                            "health_check.0.timeout": "5",
                            "health_check.0.unhealthy_threshold": "2",
                            "id": "arn:aws:elasticloadbalancing:eu-west-1:387526361725:targetgroup/gather2-couchdb-sync-dev/2e60659b719b0b3d",
                            "name": "gather2-couchdb-sync-dev",
                            "port": "80",
                            "protocol": "HTTP",
                            "stickiness.#": "1",
                            "stickiness.0.cookie_duration": "86400",
                            "stickiness.0.enabled": "false",
                            "stickiness.0.type": "lb_cookie",
                            "tags.%": "0",
                            "vpc_id": "vpc-021b2966"
                        },
                        "meta": {},
                        "tainted": false
                    },
                    "deposed": [],
                    "provider": ""
                },
                "aws_alb_target_group.gather2_odk_importer": {
                    "type": "aws_alb_target_group",
                    "depends_on": [],
                    "primary": {
                        "id": "arn:aws:elasticloadbalancing:eu-west-1:387526361725:targetgroup/gather2-odk-dev/f90000d99278d200",
                        "attributes": {
                            "arn": "arn:aws:elasticloadbalancing:eu-west-1:387526361725:targetgroup/gather2-odk-dev/f90000d99278d200",
                            "arn_suffix": "targetgroup/gather2-odk-dev/f90000d99278d200",
                            "deregistration_delay": "300",
                            "health_check.#": "1",
                            "health_check.0.healthy_threshold": "5",
                            "health_check.0.interval": "30",
                            "health_check.0.matcher": "200",
                            "health_check.0.path": "/health",
                            "health_check.0.port": "traffic-port",
                            "health_check.0.protocol": "HTTP",
                            "health_check.0.timeout": "5",
                            "health_check.0.unhealthy_threshold": "2",
                            "id": "arn:aws:elasticloadbalancing:eu-west-1:387526361725:targetgroup/gather2-odk-dev/f90000d99278d200",
                            "name": "gather2-odk-dev",
                            "port": "80",
                            "protocol": "HTTP",
                            "stickiness.#": "1",
                            "stickiness.0.cookie_duration": "86400",
                            "stickiness.0.enabled": "false",
                            "stickiness.0.type": "lb_cookie",
                            "tags.%": "0",
                            "vpc_id": "vpc-021b2966"
                        },
                        "meta": {},
                        "tainted": false
                    },
                    "deposed": [],
                    "provider": ""
                },
                "aws_ecr_repository.gather2_core": {
                    "type": "aws_ecr_repository",
                    "depends_on": [],
                    "primary": {
                        "id": "gather2-core-dev",
                        "attributes": {
                            "arn": "arn:aws:ecr:eu-west-1:387526361725:repository/gather2-core-dev",
                            "id": "gather2-core-dev",
                            "name": "gather2-core-dev",
                            "registry_id": "387526361725",
                            "repository_url": "387526361725.dkr.ecr.eu-west-1.amazonaws.com/gather2-core-dev"
                        },
                        "meta": {},
                        "tainted": false
                    },
                    "deposed": [],
                    "provider": ""
                },
                "aws_ecr_repository.gather2_core_nginx": {
                    "type": "aws_ecr_repository",
                    "depends_on": [],
                    "primary": {
                        "id": "gather2-core-nginx-dev",
                        "attributes": {
                            "arn": "arn:aws:ecr:eu-west-1:387526361725:repository/gather2-core-nginx-dev",
                            "id": "gather2-core-nginx-dev",
                            "name": "gather2-core-nginx-dev",
                            "registry_id": "387526361725",
                            "repository_url": "387526361725.dkr.ecr.eu-west-1.amazonaws.com/gather2-core-nginx-dev"
                        },
                        "meta": {},
                        "tainted": false
                    },
                    "deposed": [],
                    "provider": ""
                },
                "aws_ecr_repository.gather2_couchdb": {
                    "type": "aws_ecr_repository",
                    "depends_on": [],
                    "primary": {
                        "id": "gather2-couchdb-dev",
                        "attributes": {
                            "arn": "arn:aws:ecr:eu-west-1:387526361725:repository/gather2-couchdb-dev",
                            "id": "gather2-couchdb-dev",
                            "name": "gather2-couchdb-dev",
                            "registry_id": "387526361725",
                            "repository_url": "387526361725.dkr.ecr.eu-west-1.amazonaws.com/gather2-couchdb-dev"
                        },
                        "meta": {},
                        "tainted": false
                    },
                    "deposed": [],
                    "provider": ""
                },
                "aws_ecr_repository.gather2_couchdb_sync": {
                    "type": "aws_ecr_repository",
                    "depends_on": [],
                    "primary": {
                        "id": "gather2-couchdb-sync-dev",
                        "attributes": {
                            "arn": "arn:aws:ecr:eu-west-1:387526361725:repository/gather2-couchdb-sync-dev",
                            "id": "gather2-couchdb-sync-dev",
                            "name": "gather2-couchdb-sync-dev",
                            "registry_id": "387526361725",
                            "repository_url": "387526361725.dkr.ecr.eu-west-1.amazonaws.com/gather2-couchdb-sync-dev"
                        },
                        "meta": {},
                        "tainted": false
                    },
                    "deposed": [],
                    "provider": ""
                },
                "aws_ecr_repository.gather2_couchdb_sync_nginx": {
                    "type": "aws_ecr_repository",
                    "depends_on": [],
                    "primary": {
                        "id": "gather2-couchdb-sync-nginx-dev",
                        "attributes": {
                            "arn": "arn:aws:ecr:eu-west-1:387526361725:repository/gather2-couchdb-sync-nginx-dev",
                            "id": "gather2-couchdb-sync-nginx-dev",
                            "name": "gather2-couchdb-sync-nginx-dev",
                            "registry_id": "387526361725",
                            "repository_url": "387526361725.dkr.ecr.eu-west-1.amazonaws.com/gather2-couchdb-sync-nginx-dev"
                        },
                        "meta": {},
                        "tainted": false
                    },
                    "deposed": [],
                    "provider": ""
                },
                "aws_ecr_repository.gather2_odk_importer": {
                    "type": "aws_ecr_repository",
                    "depends_on": [],
                    "primary": {
                        "id": "gather2-odk-importer-dev",
                        "attributes": {
                            "arn": "arn:aws:ecr:eu-west-1:387526361725:repository/gather2-odk-importer-dev",
                            "id": "gather2-odk-importer-dev",
                            "name": "gather2-odk-importer-dev",
                            "registry_id": "387526361725",
                            "repository_url": "387526361725.dkr.ecr.eu-west-1.amazonaws.com/gather2-odk-importer-dev"
                        },
                        "meta": {},
                        "tainted": false
                    },
                    "deposed": [],
                    "provider": ""
                },
                "aws_ecr_repository.gather2_odk_importer_nginx": {
                    "type": "aws_ecr_repository",
                    "depends_on": [],
                    "primary": {
                        "id": "gather2-odk-importer-nginx-dev",
                        "attributes": {
                            "arn": "arn:aws:ecr:eu-west-1:387526361725:repository/gather2-odk-importer-nginx-dev",
                            "id": "gather2-odk-importer-nginx-dev",
                            "name": "gather2-odk-importer-nginx-dev",
                            "registry_id": "387526361725",
                            "repository_url": "387526361725.dkr.ecr.eu-west-1.amazonaws.com/gather2-odk-importer-nginx-dev"
                        },
                        "meta": {},
                        "tainted": false
                    },
                    "deposed": [],
                    "provider": ""
                },
                "aws_ecs_cluster.cluster": {
                    "type": "aws_ecs_cluster",
                    "depends_on": [],
                    "primary": {
                        "id": "arn:aws:ecs:eu-west-1:387526361725:cluster/gather2-dev",
                        "attributes": {
                            "id": "arn:aws:ecs:eu-west-1:387526361725:cluster/gather2-dev",
                            "name": "gather2-dev"
                        },
                        "meta": {},
                        "tainted": false
                    },
                    "deposed": [],
                    "provider": ""
                },
                "aws_ecs_service.gather2_core": {
                    "type": "aws_ecs_service",
                    "depends_on": [
                        "aws_alb_listener.gather2_core_http",
                        "aws_alb_target_group.gather2_core",
                        "aws_ecs_cluster.cluster",
                        "aws_ecs_task_definition.gather2_core",
                        "data.aws_ecs_task_definition.gather2_core"
                    ],
                    "primary": {
                        "id": "arn:aws:ecs:eu-west-1:387526361725:service/gather2-core",
                        "attributes": {
                            "cluster": "arn:aws:ecs:eu-west-1:387526361725:cluster/gather2-dev",
                            "deployment_maximum_percent": "200",
                            "deployment_minimum_healthy_percent": "100",
                            "desired_count": "1",
                            "iam_role": "gather2_dev002b22d80dbf579902286fe469",
                            "id": "arn:aws:ecs:eu-west-1:387526361725:service/gather2-core",
                            "load_balancer.#": "1",
                            "load_balancer.3581056305.container_name": "core-nginx",
                            "load_balancer.3581056305.container_port": "80",
                            "load_balancer.3581056305.elb_name": "",
                            "load_balancer.3581056305.target_group_arn": "arn:aws:elasticloadbalancing:eu-west-1:387526361725:targetgroup/gather2-core-dev/7b862b363a8c6722",
                            "name": "gather2-core",
                            "placement_constraints.#": "0",
                            "placement_strategy.#": "0",
                            "task_definition": "gather2-core-dev:37"
                        },
                        "meta": {},
                        "tainted": false
                    },
                    "deposed": [],
                    "provider": ""
                },
                "aws_ecs_service.gather2_couchdb_sync": {
                    "type": "aws_ecs_service",
                    "depends_on": [
                        "aws_alb_listener.gather2_couchdb_sync_http",
                        "aws_alb_target_group.gather2_couchdb_sync",
                        "aws_ecs_cluster.cluster",
                        "aws_ecs_task_definition.gather2_couchdb_sync",
                        "data.aws_ecs_task_definition.gather2_couchdb_sync"
                    ],
                    "primary": {
                        "id": "arn:aws:ecs:eu-west-1:387526361725:service/gather2-couchdb-sync",
                        "attributes": {
                            "cluster": "arn:aws:ecs:eu-west-1:387526361725:cluster/gather2-dev",
                            "deployment_maximum_percent": "200",
                            "deployment_minimum_healthy_percent": "100",
                            "desired_count": "1",
                            "iam_role": "gather2_dev002b22d80dbf579902286fe469",
                            "id": "arn:aws:ecs:eu-west-1:387526361725:service/gather2-couchdb-sync",
                            "load_balancer.#": "1",
                            "load_balancer.3989081787.container_name": "couchdb-sync-nginx",
                            "load_balancer.3989081787.container_port": "80",
                            "load_balancer.3989081787.elb_name": "",
                            "load_balancer.3989081787.target_group_arn": "arn:aws:elasticloadbalancing:eu-west-1:387526361725:targetgroup/gather2-couchdb-sync-dev/2e60659b719b0b3d",
                            "name": "gather2-couchdb-sync",
                            "placement_constraints.#": "0",
                            "placement_strategy.#": "0",
                            "task_definition": "gather2-couchdb-sync-dev:34"
                        },
                        "meta": {},
                        "tainted": false
                    },
                    "deposed": [],
                    "provider": ""
                },
                "aws_ecs_service.gather2_odk_importer": {
                    "type": "aws_ecs_service",
                    "depends_on": [
                        "aws_alb_listener.gather2_odk_importer_http",
                        "aws_alb_target_group.gather2_odk_importer",
                        "aws_ecs_cluster.cluster",
                        "aws_ecs_task_definition.gather2_odk_importer",
                        "data.aws_ecs_task_definition.gather2_odk_importer"
                    ],
                    "primary": {
                        "id": "arn:aws:ecs:eu-west-1:387526361725:service/gather2-odk-importer",
                        "attributes": {
                            "cluster": "arn:aws:ecs:eu-west-1:387526361725:cluster/gather2-dev",
                            "deployment_maximum_percent": "200",
                            "deployment_minimum_healthy_percent": "100",
                            "desired_count": "1",
                            "iam_role": "gather2_dev002b22d80dbf579902286fe469",
                            "id": "arn:aws:ecs:eu-west-1:387526361725:service/gather2-odk-importer",
                            "load_balancer.#": "1",
                            "load_balancer.2661438881.container_name": "odk-importer-nginx",
                            "load_balancer.2661438881.container_port": "80",
                            "load_balancer.2661438881.elb_name": "",
                            "load_balancer.2661438881.target_group_arn": "arn:aws:elasticloadbalancing:eu-west-1:387526361725:targetgroup/gather2-odk-dev/f90000d99278d200",
                            "name": "gather2-odk-importer",
                            "placement_constraints.#": "0",
                            "placement_strategy.#": "0",
                            "task_definition": "gather2-odk-importer-dev:12"
                        },
                        "meta": {},
                        "tainted": false
                    },
                    "deposed": [],
                    "provider": ""
                },
                "aws_ecs_task_definition.gather2_core": {
                    "type": "aws_ecs_task_definition",
                    "depends_on": [
                        "aws_ecs_task_definition.gather2_core"
                    ],
                    "primary": {
                        "id": "gather2-core-dev",
                        "attributes": {
                            "arn": "arn:aws:ecs:eu-west-1:387526361725:task-definition/gather2-core-dev:35",
                            "container_definitions": "73e2fe87a592ffe43d9822e9864f3280385d5a2b",
                            "family": "gather2-core-dev",
                            "id": "gather2-core-dev",
                            "network_mode": "",
                            "placement_constraints.#": "0",
                            "revision": "35",
                            "task_role_arn": "",
                            "volume.#": "1",
                            "volume.1055765132.host_path": "",
                            "volume.1055765132.name": "static-core"
                        },
                        "meta": {},
                        "tainted": false
                    },
                    "deposed": [],
                    "provider": ""
                },
                "aws_ecs_task_definition.gather2_couchdb_sync": {
                    "type": "aws_ecs_task_definition",
                    "depends_on": [
                        "data.template_file.gather2_couchdb_sync"
                    ],
                    "primary": {
                        "id": "gather2-couchdb-sync-dev",
                        "attributes": {
                            "arn": "arn:aws:ecs:eu-west-1:387526361725:task-definition/gather2-couchdb-sync-dev:34",
                            "container_definitions": "90ca45d20f898d458b48b1a45b31476902a08a43",
                            "family": "gather2-couchdb-sync-dev",
                            "id": "gather2-couchdb-sync-dev",
                            "network_mode": "",
                            "placement_constraints.#": "0",
                            "revision": "34",
                            "task_role_arn": "",
                            "volume.#": "3",
                            "volume.1163244578.host_path": "",
                            "volume.1163244578.name": "static-couchdb-sync",
                            "volume.2110403266.host_path": "",
                            "volume.2110403266.name": "couchdb-data",
                            "volume.3386129747.host_path": "",
                            "volume.3386129747.name": "redis-data"
                        },
                        "meta": {},
                        "tainted": false
                    },
                    "deposed": [],
                    "provider": ""
                },
                "aws_ecs_task_definition.gather2_odk_importer": {
                    "type": "aws_ecs_task_definition",
                    "depends_on": [
                        "aws_ecs_task_definition.gather2_odk_importer"
                    ],
                    "primary": {
                        "id": "gather2-odk-importer-dev",
                        "attributes": {
                            "arn": "arn:aws:ecs:eu-west-1:387526361725:task-definition/gather2-odk-importer-dev:10",
                            "container_definitions": "5c43b1808b861e09c2c4ee9a7529c1d8075b8361",
                            "family": "gather2-odk-importer-dev",
                            "id": "gather2-odk-importer-dev",
                            "network_mode": "",
                            "placement_constraints.#": "0",
                            "revision": "10",
                            "task_role_arn": "",
                            "volume.#": "1",
                            "volume.3191619734.host_path": "",
                            "volume.3191619734.name": "static-odk-importer"
                        },
                        "meta": {},
                        "tainted": false
                    },
                    "deposed": [],
                    "provider": ""
                },
                "aws_route53_record.gather2_core": {
                    "type": "aws_route53_record",
                    "depends_on": [
                        "aws_alb.gather2_core"
                    ],
                    "primary": {
                        "id": "Z1B5Q25BUE3TXB_core-gather-dev_A",
                        "attributes": {
                            "alias.#": "1",
                            "alias.654188492.evaluate_target_health": "true",
                            "alias.654188492.name": "tf-lb-00ba0f82d6c22621f12728b943-588746672.eu-west-1.elb.amazonaws.com",
                            "alias.654188492.zone_id": "Z32O12XQLNTSW2",
                            "fqdn": "core-gather-dev.ehealthafrica.org",
                            "health_check_id": "",
                            "id": "Z1B5Q25BUE3TXB_core-gather-dev_A",
                            "name": "core-gather-dev",
                            "records.#": "0",
                            "set_identifier": "",
                            "ttl": "0",
                            "type": "A",
                            "zone_id": "Z1B5Q25BUE3TXB"
                        },
                        "meta": {
                            "schema_version": "2"
                        },
                        "tainted": false
                    },
                    "deposed": [],
                    "provider": ""
                },
                "aws_route53_record.gather2_couchdb_sync": {
                    "type": "aws_route53_record",
                    "depends_on": [
                        "aws_alb.gather2_couchdb_sync"
                    ],
                    "primary": {
                        "id": "Z1B5Q25BUE3TXB_couchdb-sync-gather-dev_A",
                        "attributes": {
                            "alias.#": "1",
                            "alias.2236683383.evaluate_target_health": "true",
                            "alias.2236683383.name": "tf-lb-00f1c34f94d459b0ecbd322977-13994197.eu-west-1.elb.amazonaws.com",
                            "alias.2236683383.zone_id": "Z32O12XQLNTSW2",
                            "fqdn": "couchdb-sync-gather-dev.ehealthafrica.org",
                            "health_check_id": "",
                            "id": "Z1B5Q25BUE3TXB_couchdb-sync-gather-dev_A",
                            "name": "couchdb-sync-gather-dev",
                            "records.#": "0",
                            "set_identifier": "",
                            "ttl": "0",
                            "type": "A",
                            "zone_id": "Z1B5Q25BUE3TXB"
                        },
                        "meta": {
                            "schema_version": "2"
                        },
                        "tainted": false
                    },
                    "deposed": [],
                    "provider": ""
                },
                "aws_route53_record.gather2_odk_importer": {
                    "type": "aws_route53_record",
                    "depends_on": [
                        "aws_alb.gather2_odk_importer"
                    ],
                    "primary": {
                        "id": "Z1B5Q25BUE3TXB_odk-gather-dev_A",
                        "attributes": {
                            "alias.#": "1",
                            "alias.1278477980.evaluate_target_health": "true",
                            "alias.1278477980.name": "tf-lb-00ba0f82d6c22621f12728b944-498372904.eu-west-1.elb.amazonaws.com",
                            "alias.1278477980.zone_id": "Z32O12XQLNTSW2",
                            "fqdn": "odk-gather-dev.ehealthafrica.org",
                            "health_check_id": "",
                            "id": "Z1B5Q25BUE3TXB_odk-gather-dev_A",
                            "name": "odk-gather-dev",
                            "records.#": "0",
                            "set_identifier": "",
                            "ttl": "0",
                            "type": "A",
                            "zone_id": "Z1B5Q25BUE3TXB"
                        },
                        "meta": {
                            "schema_version": "2"
                        },
                        "tainted": false
                    },
                    "deposed": [],
                    "provider": ""
                },
                "aws_route53_zone.internal": {
                    "type": "aws_route53_zone",
                    "depends_on": [],
                    "primary": {
                        "id": "Z2039SVQ5PORRQ",
                        "attributes": {
                            "comment": "Managed by Terraform",
                            "force_destroy": "false",
                            "id": "Z2039SVQ5PORRQ",
                            "name": "gather2.dev",
                            "name_servers.#": "4",
                            "name_servers.0": "ns-0.awsdns-00.com.",
                            "name_servers.1": "ns-1024.awsdns-00.org.",
                            "name_servers.2": "ns-1536.awsdns-00.co.uk.",
                            "name_servers.3": "ns-512.awsdns-00.net.",
                            "tags.%": "1",
                            "tags.Environment": "dev",
                            "vpc_id": "vpc-021b2966",
                            "vpc_region": "eu-west-1",
                            "zone_id": "Z2039SVQ5PORRQ"
                        },
                        "meta": {},
                        "tainted": false
                    },
                    "deposed": [],
                    "provider": ""
                },
                "aws_security_group.lb_sg": {
                    "type": "aws_security_group",
                    "depends_on": [],
                    "primary": {
                        "id": "sg-f7fd5f8e",
                        "attributes": {
                            "description": "controls access to the application ALB",
                            "egress.#": "1",
                            "egress.482069346.cidr_blocks.#": "1",
                            "egress.482069346.cidr_blocks.0": "0.0.0.0/0",
                            "egress.482069346.from_port": "0",
                            "egress.482069346.ipv6_cidr_blocks.#": "0",
                            "egress.482069346.prefix_list_ids.#": "0",
                            "egress.482069346.protocol": "-1",
                            "egress.482069346.security_groups.#": "0",
                            "egress.482069346.self": "false",
                            "egress.482069346.to_port": "0",
                            "id": "sg-f7fd5f8e",
                            "ingress.#": "2",
                            "ingress.2214680975.cidr_blocks.#": "1",
                            "ingress.2214680975.cidr_blocks.0": "0.0.0.0/0",
                            "ingress.2214680975.from_port": "80",
                            "ingress.2214680975.ipv6_cidr_blocks.#": "0",
                            "ingress.2214680975.protocol": "tcp",
                            "ingress.2214680975.security_groups.#": "0",
                            "ingress.2214680975.self": "false",
                            "ingress.2214680975.to_port": "80",
                            "ingress.2617001939.cidr_blocks.#": "1",
                            "ingress.2617001939.cidr_blocks.0": "0.0.0.0/0",
                            "ingress.2617001939.from_port": "443",
                            "ingress.2617001939.ipv6_cidr_blocks.#": "0",
                            "ingress.2617001939.protocol": "tcp",
                            "ingress.2617001939.security_groups.#": "0",
                            "ingress.2617001939.self": "false",
                            "ingress.2617001939.to_port": "443",
                            "name": "gather2-dev_alb",
                            "owner_id": "387526361725",
                            "tags.%": "1",
                            "tags.Name": "gather2-dev",
                            "vpc_id": "vpc-021b2966"
                        },
                        "meta": {},
                        "tainted": false
                    },
                    "deposed": [],
                    "provider": ""
                },
                "aws_security_group_rule.bastion": {
                    "type": "aws_security_group_rule",
                    "depends_on": [],
                    "primary": {
                        "id": "sgrule-943661723",
                        "attributes": {
                            "cidr_blocks.#": "0",
                            "from_port": "22",
                            "id": "sgrule-943661723",
                            "ipv6_cidr_blocks.#": "0",
                            "prefix_list_ids.#": "0",
                            "protocol": "tcp",
                            "security_group_id": "sg-0bff5d72",
                            "self": "false",
                            "source_security_group_id": "sg-1241916b",
                            "to_port": "22",
                            "type": "ingress"
                        },
                        "meta": {
                            "schema_version": "2"
                        },
                        "tainted": false
                    },
                    "deposed": [],
                    "provider": ""
                },
                "aws_security_group_rule.gather2": {
                    "type": "aws_security_group_rule",
                    "depends_on": [
                        "aws_security_group.lb_sg"
                    ],
                    "primary": {
                        "id": "sgrule-1660078741",
                        "attributes": {
                            "cidr_blocks.#": "0",
                            "from_port": "10000",
                            "id": "sgrule-1660078741",
                            "ipv6_cidr_blocks.#": "0",
                            "prefix_list_ids.#": "0",
                            "protocol": "tcp",
                            "security_group_id": "sg-0bff5d72",
                            "self": "false",
                            "source_security_group_id": "sg-f7fd5f8e",
                            "to_port": "50000",
                            "type": "ingress"
                        },
                        "meta": {
                            "schema_version": "2"
                        },
                        "tainted": false
                    },
                    "deposed": [],
                    "provider": ""
                },
                "aws_security_group_rule.rds": {
                    "type": "aws_security_group_rule",
                    "depends_on": [],
                    "primary": {
                        "id": "sgrule-3723959166",
                        "attributes": {
                            "cidr_blocks.#": "0",
                            "from_port": "5432",
                            "id": "sgrule-3723959166",
                            "ipv6_cidr_blocks.#": "0",
                            "prefix_list_ids.#": "0",
                            "protocol": "tcp",
                            "security_group_id": "sg-0bff5d72",
                            "self": "false",
                            "source_security_group_id": "sg-0bff5d72",
                            "to_port": "5432",
                            "type": "ingress"
                        },
                        "meta": {
                            "schema_version": "2"
                        },
                        "tainted": false
                    },
                    "deposed": [],
                    "provider": ""
                },
                "data.aws_ecs_task_definition.gather2_core": {
                    "type": "aws_ecs_task_definition",
                    "depends_on": [
                        "aws_ecs_task_definition.gather2_core"
                    ],
                    "primary": {
                        "id": "arn:aws:ecs:eu-west-1:387526361725:task-definition/gather2-core-dev:37",
                        "attributes": {
                            "family": "gather2-core-dev",
                            "id": "arn:aws:ecs:eu-west-1:387526361725:task-definition/gather2-core-dev:37",
                            "network_mode": "",
                            "revision": "37",
                            "status": "ACTIVE",
                            "task_definition": "gather2-core-dev",
                            "task_role_arn": ""
                        },
                        "meta": {},
                        "tainted": false
                    },
                    "deposed": [],
                    "provider": ""
                },
                "data.aws_ecs_task_definition.gather2_couchdb_sync": {
                    "type": "aws_ecs_task_definition",
                    "depends_on": [
                        "aws_ecs_task_definition.gather2_couchdb_sync"
                    ],
                    "primary": {
                        "id": "arn:aws:ecs:eu-west-1:387526361725:task-definition/gather2-couchdb-sync-dev:33",
                        "attributes": {
                            "family": "gather2-couchdb-sync-dev",
                            "id": "arn:aws:ecs:eu-west-1:387526361725:task-definition/gather2-couchdb-sync-dev:33",
                            "network_mode": "",
                            "revision": "33",
                            "status": "ACTIVE",
                            "task_definition": "gather2-couchdb-sync-dev",
                            "task_role_arn": ""
                        },
                        "meta": {},
                        "tainted": false
                    },
                    "deposed": [],
                    "provider": ""
                },
                "data.aws_ecs_task_definition.gather2_odk_importer": {
                    "type": "aws_ecs_task_definition",
                    "depends_on": [
                        "aws_ecs_task_definition.gather2_odk_importer"
                    ],
                    "primary": {
                        "id": "arn:aws:ecs:eu-west-1:387526361725:task-definition/gather2-odk-importer-dev:12",
                        "attributes": {
                            "family": "gather2-odk-importer-dev",
                            "id": "arn:aws:ecs:eu-west-1:387526361725:task-definition/gather2-odk-importer-dev:12",
                            "network_mode": "",
                            "revision": "12",
                            "status": "ACTIVE",
                            "task_definition": "gather2-odk-importer-dev",
                            "task_role_arn": ""
                        },
                        "meta": {},
                        "tainted": false
                    },
                    "deposed": [],
                    "provider": ""
                },
                "data.credstash_secret.couchdb_password": {
                    "type": "credstash_secret",
                    "depends_on": [],
                    "primary": {
                        "id": "e8c379b1d7e2a68cf77dd31efa5d245ff58711fd6829dcf34e0de4f480d588ac",
                        "attributes": {
                            "id": "e8c379b1d7e2a68cf77dd31efa5d245ff58711fd6829dcf34e0de4f480d588ac",
                            "name": "gather2-dev-couchdb-password",
                            "value": "Shohch9een0lah6ahGhaeth1quoomaagaechaeghungaiphohm"
                        },
                        "meta": {},
                        "tainted": false
                    },
                    "deposed": [],
                    "provider": ""
                },
                "data.credstash_secret.database_password": {
                    "type": "credstash_secret",
                    "depends_on": [],
                    "primary": {
                        "id": "c64e673ea23ddd76b4f0ad2bcb5f3b5c8c8195ce86374fcdaff74fdaba999c88",
                        "attributes": {
                            "id": "c64e673ea23ddd76b4f0ad2bcb5f3b5c8c8195ce86374fcdaff74fdaba999c88",
                            "name": "gather2-dev-database-password",
                            "value": "go9ophiejoh4xohkaequ0Quau7ahrohx9nohc7Faiti4Imah6e"
                        },
                        "meta": {},
                        "tainted": false
                    },
                    "deposed": [],
                    "provider": ""
                },
                "data.credstash_secret.gather2_core": {
                    "type": "credstash_secret",
                    "depends_on": [],
                    "primary": {
                        "id": "c64e673ea23ddd76b4f0ad2bcb5f3b5c8c8195ce86374fcdaff74fdaba999c88",
                        "attributes": {
                            "id": "c64e673ea23ddd76b4f0ad2bcb5f3b5c8c8195ce86374fcdaff74fdaba999c88",
                            "name": "gather2-dev-database-password",
                            "value": "go9ophiejoh4xohkaequ0Quau7ahrohx9nohc7Faiti4Imah6e"
                        },
                        "meta": {},
                        "tainted": false
                    },
                    "deposed": [],
                    "provider": ""
                },
                "data.credstash_secret.gather2_odk_importer": {
                    "type": "credstash_secret",
                    "depends_on": [],
                    "primary": {
                        "id": "c64e673ea23ddd76b4f0ad2bcb5f3b5c8c8195ce86374fcdaff74fdaba999c88",
                        "attributes": {
                            "id": "c64e673ea23ddd76b4f0ad2bcb5f3b5c8c8195ce86374fcdaff74fdaba999c88",
                            "name": "gather2-dev-database-password",
                            "value": "go9ophiejoh4xohkaequ0Quau7ahrohx9nohc7Faiti4Imah6e"
                        },
                        "meta": {},
                        "tainted": false
                    },
                    "deposed": [],
                    "provider": ""
                },
                "data.credstash_secret.gather2_token": {
                    "type": "credstash_secret",
                    "depends_on": [],
                    "primary": {
                        "id": "66d21f19c622a2feb6245c7c21912288ef18a7c76a5284ea3e7af352fa0dc845",
                        "attributes": {
                            "id": "66d21f19c622a2feb6245c7c21912288ef18a7c76a5284ea3e7af352fa0dc845",
                            "name": "gather2-dev-token",
                            "value": "cc7e50677de37d9a13f790c17ead8ed055c8390b"
                        },
                        "meta": {},
                        "tainted": false
                    },
                    "deposed": [],
                    "provider": ""
                },
                "data.credstash_secret.google_client_id": {
                    "type": "credstash_secret",
                    "depends_on": [],
                    "primary": {
                        "id": "f9e6f597737ff9d99982e0bb9b9e55ef1a0e20a70fbe6a90c54e6a22f9ebb35d",
                        "attributes": {
                            "id": "f9e6f597737ff9d99982e0bb9b9e55ef1a0e20a70fbe6a90c54e6a22f9ebb35d",
                            "name": "gather2-dev-google-client-id",
                            "value": "577583494432-m5chgpv023db6mr6qejne015llomulam.apps.googleusercontent.com"
                        },
                        "meta": {},
                        "tainted": false
                    },
                    "deposed": [],
                    "provider": ""
                },
                "data.template_file.gather2_core": {
                    "type": "template_file",
                    "depends_on": [
                        "aws_ecr_repository.gather2_core",
                        "aws_ecr_repository.gather2_core_nginx",
                        "data.credstash_secret.gather2_core"
                    ],
                    "primary": {
                        "id": "3f84037858805d82ca0961bb83a1ebeb10762a8d75433ea760f72b5547797d42",
                        "attributes": {
                            "id": "3f84037858805d82ca0961bb83a1ebeb10762a8d75433ea760f72b5547797d42",
                            "rendered": "[\n  {\n    \"name\": \"core\",\n    \"image\": \"387526361725.dkr.ecr.eu-west-1.amazonaws.com/gather2-core-dev:latest\",\n    \"cpu\": 1,\n    \"memory\": 256,\n    \"essential\": true,\n    \"command\": [\"start\"],\n    \"environment\": [\n      { \"name\": \"RDS_HOSTNAME\", \"value\": \"gather2-dev.cpqsfknb8sgc.eu-west-1.rds.amazonaws.com\"},\n      { \"name\": \"RDS_USERNAME\", \"value\": \"gather2\"},\n      { \"name\": \"RDS_PASSWORD\", \"value\": \"go9ophiejoh4xohkaequ0Quau7ahrohx9nohc7Faiti4Imah6e\"},\n      { \"name\": \"RDS_PORT\", \"value\": \"5432\"},\n      { \"name\": \"RDS_DB_NAME\", \"value\": \"gather2\"},\n      { \"name\": \"STATIC_ROOT\", \"value\": \"/var/www/static\"},\n      { \"name\": \"DJANGO_USE_X_FORWARDED_PORT\", \"value\": \"1\"},\n      { \"name\": \"DJANGO_HTTP_X_FORWARDED_PROTO\", \"value\": \"1\"},\n      { \"name\": \"DJANGO_USE_X_FORWARDED_HOST\", \"value\": \"1\"}\n    ],\n    \"mountPoints\": [\n      {\n        \"sourceVolume\": \"static-core\",\n        \"containerPath\": \"/var/www/static\"\n      }\n    ]\n  },\n  {\n    \"name\": \"core-nginx\",\n    \"image\": \"387526361725.dkr.ecr.eu-west-1.amazonaws.com/gather2-core-nginx-dev:latest\",\n    \"cpu\": 1,\n    \"memory\": 128,\n    \"essential\": true,\n    \"links\": [\n      \"core\"\n    ],\n    \"portMappings\": [\n      {\n        \"containerPort\": 80\n      }\n    ],\n    \"mountPoints\": [\n      {\n        \"sourceVolume\": \"static-core\",\n        \"containerPath\": \"/var/www/static\"\n      }\n    ]\n  }\n]\n",
                            "template": "[\n  {\n    \"name\": \"core\",\n    \"image\": \"${image_url}\",\n    \"cpu\": 1,\n    \"memory\": 256,\n    \"essential\": true,\n    \"command\": [\"start\"],\n    \"environment\": [\n      { \"name\": \"RDS_HOSTNAME\", \"value\": \"${database_hostname}\"},\n      { \"name\": \"RDS_USERNAME\", \"value\": \"${database_user}\"},\n      { \"name\": \"RDS_PASSWORD\", \"value\": \"${database_password}\"},\n      { \"name\": \"RDS_PORT\", \"value\": \"${database_port}\"},\n      { \"name\": \"RDS_DB_NAME\", \"value\": \"${database_name}\"},\n      { \"name\": \"STATIC_ROOT\", \"value\": \"/var/www/static\"},\n      { \"name\": \"DJANGO_USE_X_FORWARDED_PORT\", \"value\": \"${django_use_x_forwarded_port}\"},\n      { \"name\": \"DJANGO_HTTP_X_FORWARDED_PROTO\", \"value\": \"${django_http_x_forwarded_proto}\"},\n      { \"name\": \"DJANGO_USE_X_FORWARDED_HOST\", \"value\": \"${django_use_x_forwarded_host}\"}\n    ],\n    \"mountPoints\": [\n      {\n        \"sourceVolume\": \"static-core\",\n        \"containerPath\": \"/var/www/static\"\n      }\n    ]\n  },\n  {\n    \"name\": \"core-nginx\",\n    \"image\": \"${nginx_image_url}\",\n    \"cpu\": 1,\n    \"memory\": 128,\n    \"essential\": true,\n    \"links\": [\n      \"core\"\n    ],\n    \"portMappings\": [\n      {\n        \"containerPort\": 80\n      }\n    ],\n    \"mountPoints\": [\n      {\n        \"sourceVolume\": \"static-core\",\n        \"containerPath\": \"/var/www/static\"\n      }\n    ]\n  }\n]\n",
                            "vars.%": "13",
                            "vars.application_container_name": "gather2-core",
                            "vars.database_hostname": "gather2-dev.cpqsfknb8sgc.eu-west-1.rds.amazonaws.com",
                            "vars.database_name": "gather2",
                            "vars.database_password": "go9ophiejoh4xohkaequ0Quau7ahrohx9nohc7Faiti4Imah6e",
                            "vars.database_port": "5432",
                            "vars.database_user": "gather2",
                            "vars.django_http_x_forwarded_proto": "1",
                            "vars.django_use_x_forwarded_host": "1",
                            "vars.django_use_x_forwarded_port": "1",
                            "vars.host_port": "81",
                            "vars.image_url": "387526361725.dkr.ecr.eu-west-1.amazonaws.com/gather2-core-dev:latest",
                            "vars.nginx_container_name": "gather2-core-nginx",
                            "vars.nginx_image_url": "387526361725.dkr.ecr.eu-west-1.amazonaws.com/gather2-core-nginx-dev:latest"
                        },
                        "meta": {},
                        "tainted": false
                    },
                    "deposed": [],
                    "provider": ""
                },
                "data.template_file.gather2_couchdb_sync": {
                    "type": "template_file",
                    "depends_on": [
                        "aws_ecr_repository.gather2_couchdb",
                        "aws_ecr_repository.gather2_couchdb_sync",
                        "aws_ecr_repository.gather2_couchdb_sync_nginx",
                        "data.credstash_secret.database_password",
                        "data.credstash_secret.gather2_core",
                        "data.credstash_secret.gather2_token",
                        "data.credstash_secret.google_client_id"
                    ],
                    "primary": {
                        "id": "1c8ca0a044b0abb725487b9d1eefff2ef134da206961e8e8dffca106bfac7799",
                        "attributes": {
                            "id": "1c8ca0a044b0abb725487b9d1eefff2ef134da206961e8e8dffca106bfac7799",
                            "rendered": "[\n  {\n    \"name\": \"gather2-couchdb-sync\",\n    \"image\": \"387526361725.dkr.ecr.eu-west-1.amazonaws.com/gather2-couchdb-sync-dev\",\n    \"cpu\": 1,\n    \"memory\": 256,\n    \"essential\": true,\n    \"command\": [\"start\"],\n    \"links\": [\n      \"couchdb\",\n      \"redis\"\n    ],\n    \"mountPoints\": [\n      {\n        \"sourceVolume\": \"static-couchdb-sync\",\n        \"containerPath\": \"/var/www/static\"\n      }\n    ],\n    \"environment\": [\n      { \"name\": \"RDS_HOSTNAME\", \"value\": \"gather2-dev.cpqsfknb8sgc.eu-west-1.rds.amazonaws.com\"},\n      { \"name\": \"RDS_USERNAME\", \"value\": \"gather2\"},\n      { \"name\": \"RDS_PASSWORD\", \"value\": \"go9ophiejoh4xohkaequ0Quau7ahrohx9nohc7Faiti4Imah6e\"},\n      { \"name\": \"RDS_PORT\", \"value\": \"5432\"},\n      { \"name\": \"RDS_DB_NAME\", \"value\": \"couchdb_sync\"},\n      { \"name\": \"STATIC_ROOT\", \"value\": \"/var/www/static\"},\n      { \"name\": \"DJANGO_USE_X_FORWARDED_PORT\", \"value\": \"1\"},\n      { \"name\": \"DJANGO_HTTP_X_FORWARDED_PROTO\", \"value\": \"1\"},\n      { \"name\": \"DJANGO_USE_X_FORWARDED_HOST\", \"value\": \"1\"},\n      { \"name\": \"COUCHDB_URL\", \"value\": \"http://couchdb:5984\"},\n      { \"name\": \"COUCHDB_USER\", \"value\": \"admin\"},\n      { \"name\": \"COUCHDB_PASSWORD\", \"value\": \"go9ophiejoh4xohkaequ0Quau7ahrohx9nohc7Faiti4Imah6e\"},\n      { \"name\": \"GOOGLE_CLIENT_ID\", \"value\": \"577583494432-m5chgpv023db6mr6qejne015llomulam.apps.googleusercontent.com\"},\n      { \"name\": \"GATHER_CORE_URL\", \"value\": \"https://core-gather-dev.ehealthafrica.org\"},\n      { \"name\": \"GATHER_CORE_TOKEN\", \"value\": \"cc7e50677de37d9a13f790c17ead8ed055c8390b\"},\n      { \"name\": \"REDIS_HOST\", \"value\": \"redis\"},\n      { \"name\": \"REDIS_PORT\", \"value\": \"6379\"},\n      { \"name\": \"REDIS_DATABASE\", \"value\": \"0\"}\n    ]\n  },\n  {\n    \"name\": \"gather2-couchdb-sync-worker\",\n    \"image\": \"387526361725.dkr.ecr.eu-west-1.amazonaws.com/gather2-couchdb-sync-dev\",\n    \"cpu\": 1,\n    \"memory\": 128,\n    \"essential\": true,\n    \"command\": [\"start_rq\"],\n    \"links\": [\n      \"couchdb\",\n      \"redis\"\n    ],\n    \"environment\": [\n      { \"name\": \"RDS_HOSTNAME\", \"value\": \"gather2-dev.cpqsfknb8sgc.eu-west-1.rds.amazonaws.com\"},\n      { \"name\": \"RDS_USERNAME\", \"value\": \"gather2\"},\n      { \"name\": \"RDS_PASSWORD\", \"value\": \"go9ophiejoh4xohkaequ0Quau7ahrohx9nohc7Faiti4Imah6e\"},\n      { \"name\": \"RDS_PORT\", \"value\": \"5432\"},\n      { \"name\": \"RDS_DB_NAME\", \"value\": \"couchdb_sync\"},\n      { \"name\": \"STATIC_ROOT\", \"value\": \"/var/www/static\"},\n      { \"name\": \"DJANGO_USE_X_FORWARDED_PORT\", \"value\": \"1\"},\n      { \"name\": \"DJANGO_HTTP_X_FORWARDED_PROTO\", \"value\": \"1\"},\n      { \"name\": \"DJANGO_USE_X_FORWARDED_HOST\", \"value\": \"1\"},\n      { \"name\": \"COUCHDB_URL\", \"value\": \"http://couchdb:5984\"},\n      { \"name\": \"COUCHDB_USER\", \"value\": \"admin\"},\n      { \"name\": \"COUCHDB_PASSWORD\", \"value\": \"go9ophiejoh4xohkaequ0Quau7ahrohx9nohc7Faiti4Imah6e\"},\n      { \"name\": \"GOOGLE_CLIENT_ID\", \"value\": \"577583494432-m5chgpv023db6mr6qejne015llomulam.apps.googleusercontent.com\"},\n      { \"name\": \"GATHER_CORE_URL\", \"value\": \"https://core-gather-dev.ehealthafrica.org\"},\n      { \"name\": \"GATHER_CORE_TOKEN\", \"value\": \"cc7e50677de37d9a13f790c17ead8ed055c8390b\"},\n      { \"name\": \"REDIS_HOST\", \"value\": \"redis\"},\n      { \"name\": \"REDIS_PORT\", \"value\": \"6379\"},\n      { \"name\": \"REDIS_DATABASE\", \"value\": \"0\"}\n    ]\n  },\n  {\n    \"name\": \"couchdb-sync-nginx\",\n    \"image\": \"387526361725.dkr.ecr.eu-west-1.amazonaws.com/gather2-couchdb-sync-nginx-dev\",\n    \"cpu\": 1,\n    \"memory\": 128,\n    \"essential\": true,\n    \"portMappings\": [\n      {\n        \"containerPort\": 80\n      }\n    ],\n    \"mountPoints\": [\n      {\n        \"sourceVolume\": \"static-couchdb-sync\",\n        \"containerPath\": \"/var/www/static\"\n      }\n    ],\n    \"links\": [\n      \"couchdb\",\n      \"gather2-couchdb-sync\"\n    ]\n  },\n  {\n    \"name\": \"couchdb\",\n    \"image\": \"387526361725.dkr.ecr.eu-west-1.amazonaws.com/gather2-couchdb-dev\",\n    \"cpu\": 1,\n    \"memory\": 256,\n    \"essential\": true,\n    \"environment\": [\n      { \"name\": \"COUCHDB_USER\", \"value\": \"admin\"},\n      { \"name\": \"COUCHDB_PASSWORD\", \"value\": \"go9ophiejoh4xohkaequ0Quau7ahrohx9nohc7Faiti4Imah6e\"}\n    ],\n    \"mountPoints\": [\n      {\n        \"sourceVolume\": \"couchdb-data\",\n        \"containerPath\": \"/usr/local/var/lib/couchdb\"\n      }\n    ]\n  },\n  {\n    \"name\": \"redis\",\n    \"image\": \"redis:3.2\",\n    \"cpu\": 1,\n    \"memory\": 256,\n    \"essential\": true,\n    \"mountPoints\": [\n      {\n        \"sourceVolume\": \"redis-data\",\n        \"containerPath\": \"/data\"\n      }\n    ]\n  }\n]\n",
                            "template": "[\n  {\n    \"name\": \"gather2-couchdb-sync\",\n    \"image\": \"${image_url}\",\n    \"cpu\": 1,\n    \"memory\": 256,\n    \"essential\": true,\n    \"command\": [\"start\"],\n    \"links\": [\n      \"couchdb\",\n      \"redis\"\n    ],\n    \"mountPoints\": [\n      {\n        \"sourceVolume\": \"static-couchdb-sync\",\n        \"containerPath\": \"/var/www/static\"\n      }\n    ],\n    \"environment\": [\n      { \"name\": \"RDS_HOSTNAME\", \"value\": \"${database_hostname}\"},\n      { \"name\": \"RDS_USERNAME\", \"value\": \"${database_user}\"},\n      { \"name\": \"RDS_PASSWORD\", \"value\": \"${database_password}\"},\n      { \"name\": \"RDS_PORT\", \"value\": \"${database_port}\"},\n      { \"name\": \"RDS_DB_NAME\", \"value\": \"couchdb_sync\"},\n      { \"name\": \"STATIC_ROOT\", \"value\": \"/var/www/static\"},\n      { \"name\": \"DJANGO_USE_X_FORWARDED_PORT\", \"value\": \"${django_use_x_forwarded_port}\"},\n      { \"name\": \"DJANGO_HTTP_X_FORWARDED_PROTO\", \"value\": \"${django_http_x_forwarded_proto}\"},\n      { \"name\": \"DJANGO_USE_X_FORWARDED_HOST\", \"value\": \"${django_use_x_forwarded_host}\"},\n      { \"name\": \"COUCHDB_URL\", \"value\": \"http://couchdb:5984\"},\n      { \"name\": \"COUCHDB_USER\", \"value\": \"admin\"},\n      { \"name\": \"COUCHDB_PASSWORD\", \"value\": \"${couchdb_password}\"},\n      { \"name\": \"GOOGLE_CLIENT_ID\", \"value\": \"${google_client_id}\"},\n      { \"name\": \"GATHER_CORE_URL\", \"value\": \"https://core-gather-dev.ehealthafrica.org\"},\n      { \"name\": \"GATHER_CORE_TOKEN\", \"value\": \"${gather2_token}\"},\n      { \"name\": \"REDIS_HOST\", \"value\": \"redis\"},\n      { \"name\": \"REDIS_PORT\", \"value\": \"6379\"},\n      { \"name\": \"REDIS_DATABASE\", \"value\": \"0\"}\n    ]\n  },\n  {\n    \"name\": \"gather2-couchdb-sync-worker\",\n    \"image\": \"${image_url}\",\n    \"cpu\": 1,\n    \"memory\": 128,\n    \"essential\": true,\n    \"command\": [\"start_rq\"],\n    \"links\": [\n      \"couchdb\",\n      \"redis\"\n    ],\n    \"environment\": [\n      { \"name\": \"RDS_HOSTNAME\", \"value\": \"${database_hostname}\"},\n      { \"name\": \"RDS_USERNAME\", \"value\": \"${database_user}\"},\n      { \"name\": \"RDS_PASSWORD\", \"value\": \"${database_password}\"},\n      { \"name\": \"RDS_PORT\", \"value\": \"${database_port}\"},\n      { \"name\": \"RDS_DB_NAME\", \"value\": \"couchdb_sync\"},\n      { \"name\": \"STATIC_ROOT\", \"value\": \"/var/www/static\"},\n      { \"name\": \"DJANGO_USE_X_FORWARDED_PORT\", \"value\": \"${django_use_x_forwarded_port}\"},\n      { \"name\": \"DJANGO_HTTP_X_FORWARDED_PROTO\", \"value\": \"${django_http_x_forwarded_proto}\"},\n      { \"name\": \"DJANGO_USE_X_FORWARDED_HOST\", \"value\": \"${django_use_x_forwarded_host}\"},\n      { \"name\": \"COUCHDB_URL\", \"value\": \"http://couchdb:5984\"},\n      { \"name\": \"COUCHDB_USER\", \"value\": \"admin\"},\n      { \"name\": \"COUCHDB_PASSWORD\", \"value\": \"${couchdb_password}\"},\n      { \"name\": \"GOOGLE_CLIENT_ID\", \"value\": \"${google_client_id}\"},\n      { \"name\": \"GATHER_CORE_URL\", \"value\": \"https://core-gather-dev.ehealthafrica.org\"},\n      { \"name\": \"GATHER_CORE_TOKEN\", \"value\": \"${gather2_token}\"},\n      { \"name\": \"REDIS_HOST\", \"value\": \"redis\"},\n      { \"name\": \"REDIS_PORT\", \"value\": \"6379\"},\n      { \"name\": \"REDIS_DATABASE\", \"value\": \"0\"}\n    ]\n  },\n  {\n    \"name\": \"couchdb-sync-nginx\",\n    \"image\": \"${nginx_image_url}\",\n    \"cpu\": 1,\n    \"memory\": 128,\n    \"essential\": true,\n    \"portMappings\": [\n      {\n        \"containerPort\": 80\n      }\n    ],\n    \"mountPoints\": [\n      {\n        \"sourceVolume\": \"static-couchdb-sync\",\n        \"containerPath\": \"/var/www/static\"\n      }\n    ],\n    \"links\": [\n      \"couchdb\",\n      \"gather2-couchdb-sync\"\n    ]\n  },\n  {\n    \"name\": \"couchdb\",\n    \"image\": \"${couchdb_image_url}\",\n    \"cpu\": 1,\n    \"memory\": 256,\n    \"essential\": true,\n    \"environment\": [\n      { \"name\": \"COUCHDB_USER\", \"value\": \"admin\"},\n      { \"name\": \"COUCHDB_PASSWORD\", \"value\": \"${couchdb_password}\"}\n    ],\n    \"mountPoints\": [\n      {\n        \"sourceVolume\": \"couchdb-data\",\n        \"containerPath\": \"/usr/local/var/lib/couchdb\"\n      }\n    ]\n  },\n  {\n    \"name\": \"redis\",\n    \"image\": \"redis:3.2\",\n    \"cpu\": 1,\n    \"memory\": 256,\n    \"essential\": true,\n    \"mountPoints\": [\n      {\n        \"sourceVolume\": \"redis-data\",\n        \"containerPath\": \"/data\"\n      }\n    ]\n  }\n]\n",
                            "vars.%": "14",
                            "vars.couchdb_image_url": "387526361725.dkr.ecr.eu-west-1.amazonaws.com/gather2-couchdb-dev",
                            "vars.couchdb_password": "go9ophiejoh4xohkaequ0Quau7ahrohx9nohc7Faiti4Imah6e",
                            "vars.database_hostname": "gather2-dev.cpqsfknb8sgc.eu-west-1.rds.amazonaws.com",
                            "vars.database_name": "gather2",
                            "vars.database_password": "go9ophiejoh4xohkaequ0Quau7ahrohx9nohc7Faiti4Imah6e",
                            "vars.database_port": "5432",
                            "vars.database_user": "gather2",
                            "vars.django_http_x_forwarded_proto": "1",
                            "vars.django_use_x_forwarded_host": "1",
                            "vars.django_use_x_forwarded_port": "1",
                            "vars.gather2_token": "cc7e50677de37d9a13f790c17ead8ed055c8390b",
                            "vars.google_client_id": "577583494432-m5chgpv023db6mr6qejne015llomulam.apps.googleusercontent.com",
                            "vars.image_url": "387526361725.dkr.ecr.eu-west-1.amazonaws.com/gather2-couchdb-sync-dev",
                            "vars.nginx_image_url": "387526361725.dkr.ecr.eu-west-1.amazonaws.com/gather2-couchdb-sync-nginx-dev"
                        },
                        "meta": {},
                        "tainted": false
                    },
                    "deposed": [],
                    "provider": ""
                },
                "data.template_file.gather2_odk_importer": {
                    "type": "template_file",
                    "depends_on": [
                        "aws_ecr_repository.gather2_odk_importer",
                        "aws_ecr_repository.gather2_odk_importer_nginx",
                        "data.credstash_secret.gather2_odk_importer"
                    ],
                    "primary": {
                        "id": "ebe7e331ce0a9b414ced05726274c8dfea3e46f11e12ffbc41f4adc46e8e9996",
                        "attributes": {
                            "id": "ebe7e331ce0a9b414ced05726274c8dfea3e46f11e12ffbc41f4adc46e8e9996",
                            "rendered": "[\n  {\n    \"name\": \"odk-importer\",\n    \"image\": \"387526361725.dkr.ecr.eu-west-1.amazonaws.com/gather2-odk-importer-dev\",\n    \"cpu\": 1,\n    \"memory\": 256,\n    \"essential\": true,\n    \"command\": [\"start\"],\n    \"environment\": [\n      { \"name\": \"RDS_HOSTNAME\", \"value\": \"gather2-dev.cpqsfknb8sgc.eu-west-1.rds.amazonaws.com\"},\n      { \"name\": \"RDS_USERNAME\", \"value\": \"gather2\"},\n      { \"name\": \"RDS_PASSWORD\", \"value\": \"go9ophiejoh4xohkaequ0Quau7ahrohx9nohc7Faiti4Imah6e\"},\n      { \"name\": \"RDS_PORT\", \"value\": \"5432\"},\n      { \"name\": \"RDS_DB_NAME\", \"value\": \"odk_importer\"},\n      { \"name\": \"STATIC_ROOT\", \"value\": \"/var/www/static\" },\n      { \"name\": \"DJANGO_USE_X_FORWARDED_PORT\", \"value\": \"1\"},\n      { \"name\": \"DJANGO_HTTP_X_FORWARDED_PROTO\", \"value\": \"1\"},\n      { \"name\": \"DJANGO_USE_X_FORWARDED_HOST\", \"value\": \"1\"}\n    ],\n    \"mountPoints\": [\n      {\n        \"sourceVolume\": \"static-odk-importer\",\n        \"containerPath\": \"/var/www/static\"\n      }\n    ]\n  },\n  {\n    \"name\": \"odk-importer-nginx\",\n    \"image\": \"387526361725.dkr.ecr.eu-west-1.amazonaws.com/gather2-odk-importer-nginx-dev:latest\",\n    \"cpu\": 1,\n    \"memory\": 128,\n    \"essential\": true,\n    \"links\": [\n      \"odk-importer\"\n    ],\n    \"portMappings\": [\n      {\n        \"containerPort\": 80\n      }\n    ],\n    \"mountPoints\": [\n      {\n        \"sourceVolume\": \"static-odk-importer\",\n        \"containerPath\": \"/var/www/static\"\n      }\n    ]\n  }\n]\n",
                            "template": "[\n  {\n    \"name\": \"odk-importer\",\n    \"image\": \"${image_url}\",\n    \"cpu\": 1,\n    \"memory\": 256,\n    \"essential\": true,\n    \"command\": [\"start\"],\n    \"environment\": [\n      { \"name\": \"RDS_HOSTNAME\", \"value\": \"${database_hostname}\"},\n      { \"name\": \"RDS_USERNAME\", \"value\": \"${database_user}\"},\n      { \"name\": \"RDS_PASSWORD\", \"value\": \"${database_password}\"},\n      { \"name\": \"RDS_PORT\", \"value\": \"${database_port}\"},\n      { \"name\": \"RDS_DB_NAME\", \"value\": \"odk_importer\"},\n      { \"name\": \"STATIC_ROOT\", \"value\": \"/var/www/static\" },\n      { \"name\": \"DJANGO_USE_X_FORWARDED_PORT\", \"value\": \"${django_use_x_forwarded_port}\"},\n      { \"name\": \"DJANGO_HTTP_X_FORWARDED_PROTO\", \"value\": \"${django_http_x_forwarded_proto}\"},\n      { \"name\": \"DJANGO_USE_X_FORWARDED_HOST\", \"value\": \"${django_use_x_forwarded_host}\"}\n    ],\n    \"mountPoints\": [\n      {\n        \"sourceVolume\": \"static-odk-importer\",\n        \"containerPath\": \"/var/www/static\"\n      }\n    ]\n  },\n  {\n    \"name\": \"odk-importer-nginx\",\n    \"image\": \"${nginx_image_url}\",\n    \"cpu\": 1,\n    \"memory\": 128,\n    \"essential\": true,\n    \"links\": [\n      \"odk-importer\"\n    ],\n    \"portMappings\": [\n      {\n        \"containerPort\": 80\n      }\n    ],\n    \"mountPoints\": [\n      {\n        \"sourceVolume\": \"static-odk-importer\",\n        \"containerPath\": \"/var/www/static\"\n      }\n    ]\n  }\n]\n",
                            "vars.%": "13",
                            "vars.application_container_name": "gather2-odk-importer",
                            "vars.database_hostname": "gather2-dev.cpqsfknb8sgc.eu-west-1.rds.amazonaws.com",
                            "vars.database_name": "gather2",
                            "vars.database_password": "go9ophiejoh4xohkaequ0Quau7ahrohx9nohc7Faiti4Imah6e",
                            "vars.database_port": "5432",
                            "vars.database_user": "gather2",
                            "vars.django_http_x_forwarded_proto": "1",
                            "vars.django_use_x_forwarded_host": "1",
                            "vars.django_use_x_forwarded_port": "1",
                            "vars.host_port": "82",
                            "vars.image_url": "387526361725.dkr.ecr.eu-west-1.amazonaws.com/gather2-odk-importer-dev",
                            "vars.nginx_container_name": "gather2-odk-importer-nginx",
                            "vars.nginx_image_url": "387526361725.dkr.ecr.eu-west-1.amazonaws.com/gather2-odk-importer-nginx-dev:latest"
                        },
                        "meta": {},
                        "tainted": false
                    },
                    "deposed": [],
                    "provider": ""
                }
            },
            "depends_on": []
        },
        {
            "path": [
                "root",
                "rds"
            ],
            "outputs": {
                "database_hostname": {
                    "sensitive": false,
                    "type": "string",
                    "value": "gather2-dev.cpqsfknb8sgc.eu-west-1.rds.amazonaws.com"
                },
                "database_password": {
                    "sensitive": false,
                    "type": "string",
                    "value": "go9ophiejoh4xohkaequ0Quau7ahrohx9nohc7Faiti4Imah6e"
                }
            },
            "resources": {
                "aws_db_instance.default": {
                    "type": "aws_db_instance",
                    "depends_on": [
                        "aws_db_subnet_group.default",
                        "data.credstash_secret.password"
                    ],
                    "primary": {
                        "id": "gather2-dev",
                        "attributes": {
                            "address": "gather2-dev.cpqsfknb8sgc.eu-west-1.rds.amazonaws.com",
                            "allocated_storage": "10",
                            "arn": "arn:aws:rds:eu-west-1:387526361725:db:gather2-dev",
                            "auto_minor_version_upgrade": "true",
                            "availability_zone": "eu-west-1c",
                            "backup_retention_period": "0",
                            "backup_window": "01:19-01:49",
                            "copy_tags_to_snapshot": "false",
                            "db_subnet_group_name": "gather2_dev",
                            "endpoint": "gather2-dev.cpqsfknb8sgc.eu-west-1.rds.amazonaws.com:5432",
                            "engine": "postgres",
                            "engine_version": "9.5.4",
                            "final_snapshot_identifier": "gather2-dev",
                            "hosted_zone_id": "Z29XKXDKYMONMX",
                            "id": "gather2-dev",
                            "identifier": "gather2-dev",
                            "instance_class": "db.t2.medium",
                            "iops": "0",
                            "kms_key_id": "",
                            "license_model": "postgresql-license",
                            "maintenance_window": "tue:00:45-tue:01:15",
                            "monitoring_interval": "0",
                            "multi_az": "false",
                            "name": "gather2",
                            "option_group_name": "default:postgres-9-5",
                            "parameter_group_name": "default.postgres9.5",
                            "password": "go9ophiejoh4xohkaequ0Quau7ahrohx9nohc7Faiti4Imah6e",
                            "port": "5432",
                            "publicly_accessible": "false",
                            "replicas.#": "0",
                            "replicate_source_db": "",
                            "security_group_names.#": "0",
                            "skip_final_snapshot": "false",
                            "status": "available",
                            "storage_encrypted": "false",
                            "storage_type": "standard",
                            "tags.%": "0",
                            "timezone": "",
                            "username": "gather2",
                            "vpc_security_group_ids.#": "1",
                            "vpc_security_group_ids.3439461667": "sg-0bff5d72"
                        },
                        "meta": {
                            "e2bfb730-ecaa-11e6-8f88-34363bc7c4c0": {
                                "create": 2400000000000,
                                "delete": 2400000000000,
                                "update": 4800000000000
                            }
                        },
                        "tainted": false
                    },
                    "deposed": [],
                    "provider": ""
                },
                "aws_db_subnet_group.default": {
                    "type": "aws_db_subnet_group",
                    "depends_on": [],
                    "primary": {
                        "id": "gather2_dev",
                        "attributes": {
                            "arn": "arn:aws:rds:eu-west-1:387526361725:subgrp:gather2_dev",
                            "description": "Managed by Terraform",
                            "id": "gather2_dev",
                            "name": "gather2_dev",
                            "subnet_ids.#": "3",
                            "subnet_ids.192277597": "subnet-ced29096",
                            "subnet_ids.2647627680": "subnet-ca1011ae",
                            "subnet_ids.3467277304": "subnet-5ca0a42a",
                            "tags.%": "1",
                            "tags.Name": "gather2-dev DB subnet"
                        },
                        "meta": {},
                        "tainted": false
                    },
                    "deposed": [],
                    "provider": ""
                },
                "data.credstash_secret.password": {
                    "type": "credstash_secret",
                    "depends_on": [],
                    "primary": {
                        "id": "c64e673ea23ddd76b4f0ad2bcb5f3b5c8c8195ce86374fcdaff74fdaba999c88",
                        "attributes": {
                            "id": "c64e673ea23ddd76b4f0ad2bcb5f3b5c8c8195ce86374fcdaff74fdaba999c88",
                            "name": "gather2-dev-database-password",
                            "value": "go9ophiejoh4xohkaequ0Quau7ahrohx9nohc7Faiti4Imah6e"
                        },
                        "meta": {},
                        "tainted": false
                    },
                    "deposed": [],
                    "provider": ""
                }
            },
            "depends_on": []
        }
    ]
}
